// !$*UTF8*$!
{
	archiveVersion = 1;
	classes = {
	};
	objectVersion = 77;
	objects = {

/* Begin PBXBuildFile section */
		019582295070CFC2147CCDD1 /* KeyboardController.swift in Sources */ = {isa = PBXBuildFile; fileRef = 49DB80C42BDBBFBA3D7876A5 /* KeyboardController.swift */; };
		01FFD45F40542992ACB31651 /* Theme+SolarizedLight.swift in Sources */ = {isa = PBXBuildFile; fileRef = 49FF9775427259E748BF57E4 /* Theme+SolarizedLight.swift */; };
		0215177F681467F4359FCA02 /* Theme+Cinder.swift in Sources */ = {isa = PBXBuildFile; fileRef = DA7F6AAD44FC404D7CF29385 /* Theme+Cinder.swift */; };
		05DBC663D567D4F95270E3C0 /* Theme+Cinder.swift in Sources */ = {isa = PBXBuildFile; fileRef = DA7F6AAD44FC404D7CF29385 /* Theme+Cinder.swift */; };
		08128861323E4A9087428F15 /* Theme+Mint.swift in Sources */ = {isa = PBXBuildFile; fileRef = 59E4160C12539AD69EF22CA3 /* Theme+Mint.swift */; };
		0BFA467574BE7B9D7C2F9A41 /* PrivacyInfo.xcprivacy in Resources */ = {isa = PBXBuildFile; fileRef = 6E9C7A15D827D03AE993837E /* PrivacyInfo.xcprivacy */; };
		0DF15917C08B02E1B79741BD /* RGBA.swift in Sources */ = {isa = PBXBuildFile; fileRef = BA82BC99C7A359DF18B9CDDD /* RGBA.swift */; };
		0E758101066BCC17314B335A /* EmojiBarTouchSurface.swift in Sources */ = {isa = PBXBuildFile; fileRef = 61EF8CE63DD7E01CB6DCA676 /* EmojiBarTouchSurface.swift */; };
		0E81EA4B12221DB1ED94AE9B /* ClipboardManager.swift in Sources */ = {isa = PBXBuildFile; fileRef = 6093923E8A1E6FB4377D8BB8 /* ClipboardManager.swift */; };
		0FEBA1F3F11DFE520782BC84 /* Theme+Snow.swift in Sources */ = {isa = PBXBuildFile; fileRef = 46BEEC5E0D5D67EB9F4C99EF /* Theme+Snow.swift */; };
		1007569A1A30A8C62D13AC9A /* SmartPunctuation.swift in Sources */ = {isa = PBXBuildFile; fileRef = 247100C266670E093E13EFC1 /* SmartPunctuation.swift */; };
		11AEEB1D7DDDB7164EC009A0 /* SharedStore.swift in Sources */ = {isa = PBXBuildFile; fileRef = FF59E26E52134F6C6A4604F2 /* SharedStore.swift */; };
		14502B319F31C07584BE0863 /* KeyboardLiveState.swift in Sources */ = {isa = PBXBuildFile; fileRef = 6677F5637BFA29F320E57C15 /* KeyboardLiveState.swift */; };
		146C6AF51CF20E45B3CD26C3 /* Theme+Dracula.swift in Sources */ = {isa = PBXBuildFile; fileRef = 4F5560818524A3D75B31CF7C /* Theme+Dracula.swift */; };
		1624192ED34B1A906DA4817F /* AnimationView.swift in Sources */ = {isa = PBXBuildFile; fileRef = 0CA35E80AF975521E462AB2B /* AnimationView.swift */; };
		19A5FFD9B7EECD9C7EECAF84 /* Theme+Snobble.swift in Sources */ = {isa = PBXBuildFile; fileRef = 47B732123D36D8014D00EF75 /* Theme+Snobble.swift */; };
		19F570798E632E414DD41A8F /* SuggestionBar.swift in Sources */ = {isa = PBXBuildFile; fileRef = 733674465CD135FB292C0FF9 /* SuggestionBar.swift */; };
		1AA0ADB52B9F181050148248 /* Theme+Midnight.swift in Sources */ = {isa = PBXBuildFile; fileRef = 4E513B9833103D8D833AB3D9 /* Theme+Midnight.swift */; };
		1E3B3CB33F53763C9A5B4A9B /* ResponseView.swift in Sources */ = {isa = PBXBuildFile; fileRef = 533CC42392A2CF228BDDA184 /* ResponseView.swift */; };
		222850E0E17BEC4AAAB0B4C3 /* Theme+Dobble.swift in Sources */ = {isa = PBXBuildFile; fileRef = AB390E73F039F0D0C8883754 /* Theme+Dobble.swift */; };
		246637A4A2D098C666F37469 /* Theme+Lavender.swift in Sources */ = {isa = PBXBuildFile; fileRef = 9CC95A8FEBDFF602C7F928DF /* Theme+Lavender.swift */; };
		24A8813A458D296CD6EC7A29 /* TrackpadPanel.swift in Sources */ = {isa = PBXBuildFile; fileRef = 1C6E41338498DA588787103C /* TrackpadPanel.swift */; };
		25674E38D35421FBD754EEB9 /* SoundPickerView.swift in Sources */ = {isa = PBXBuildFile; fileRef = 7949529FFC551E295B024531 /* SoundPickerView.swift */; };
		262AF70707B4A43BE17C9269 /* Theme+Dracula.swift in Sources */ = {isa = PBXBuildFile; fileRef = 4F5560818524A3D75B31CF7C /* Theme+Dracula.swift */; };
		26BC73D67C4501CA4E3246D2 /* SoundsView.swift in Sources */ = {isa = PBXBuildFile; fileRef = CB5C9FC74FBF874FC1AA5FB1 /* SoundsView.swift */; };
		26D0E059A96A1B87CF9AE0A6 /* NotepadBar.swift in Sources */ = {isa = PBXBuildFile; fileRef = 2AC337AC4FBF262FCDFD3A03 /* NotepadBar.swift */; };
		26ED11A56D1A3533CE69847D /* Theme+Royal.swift in Sources */ = {isa = PBXBuildFile; fileRef = 98F8C91666F857CFD1FDF518 /* Theme+Royal.swift */; };
		28E95081DC7A6860561C8FC5 /* NotepadView.swift in Sources */ = {isa = PBXBuildFile; fileRef = B3351629B8BC302520770F0F /* NotepadView.swift */; };
		29DEBD3A6D81B575CC28D279 /* KeyView.swift in Sources */ = {isa = PBXBuildFile; fileRef = 13424011E93FB7103500DB64 /* KeyView.swift */; };
		2AE7B4CA0B889018A3961762 /* Theme+Crimson.swift in Sources */ = {isa = PBXBuildFile; fileRef = 7C00D1D75534E13782BF5FFA /* Theme+Crimson.swift */; };
		2D1FB5E1FF7C14C2198C873F /* TypingView.swift in Sources */ = {isa = PBXBuildFile; fileRef = 5462C6538A73BD8117516CB5 /* TypingView.swift */; };
		30B323B0F36FED3B16754F0B /* SoundPlayer.swift in Sources */ = {isa = PBXBuildFile; fileRef = E59CD27F77EC36EDBC7AE8F0 /* SoundPlayer.swift */; };
		3153F6606DC4308EF5C4B667 /* PanelSwitcherPanel.swift in Sources */ = {isa = PBXBuildFile; fileRef = F56FBF088403DCE7E480B111 /* PanelSwitcherPanel.swift */; };
		32E29F1DCC570DCC25D69ED7 /* HapticsView.swift in Sources */ = {isa = PBXBuildFile; fileRef = E54202EF97E8C78A6B0BB189 /* HapticsView.swift */; };
		339C0C2F81219637976C8449 /* SuggestionBar.swift in Sources */ = {isa = PBXBuildFile; fileRef = 733674465CD135FB292C0FF9 /* SuggestionBar.swift */; };
		36AA177AC13820058DB11221 /* ClipboardPanel.swift in Sources */ = {isa = PBXBuildFile; fileRef = 9E6C9F76214DB0198BEBDDD0 /* ClipboardPanel.swift */; };
		3B2696F741ECD17980F1EBB5 /* AccentMap.swift in Sources */ = {isa = PBXBuildFile; fileRef = 0509D85BEBDDF08DDC933F33 /* AccentMap.swift */; };
		3B3347D1B0054A15BBA38250 /* Theme.swift in Sources */ = {isa = PBXBuildFile; fileRef = 8927D850C4365DFDC1FD2FDA /* Theme.swift */; };
		3B4276B1682008D117A56528 /* ClinkApp.swift in Sources */ = {isa = PBXBuildFile; fileRef = B558BC9C666527C188E5041E /* ClinkApp.swift */; };
		3C61C942090109DE70BE1251 /* Theme+Forest.swift in Sources */ = {isa = PBXBuildFile; fileRef = 523F0B8535ED4C5D36CF9A23 /* Theme+Forest.swift */; };
		3D1C3196B45C36F4368D0066 /* KeyboardLayout.swift in Sources */ = {isa = PBXBuildFile; fileRef = 2FD5841C760DB0FAB7CCE6CC /* KeyboardLayout.swift */; };
		3E8A4482DEADE38D531CC637 /* KeyView.swift in Sources */ = {isa = PBXBuildFile; fileRef = 13424011E93FB7103500DB64 /* KeyView.swift */; };
		3EA874741C3C17EF2CEE8D40 /* KeyGlyphLayer.swift in Sources */ = {isa = PBXBuildFile; fileRef = B6F506DC457354A4B3A61F95 /* KeyGlyphLayer.swift */; };
		400F96F307203CBA896E8AAE /* AccentPicker.swift in Sources */ = {isa = PBXBuildFile; fileRef = 274FF636E4C3B8BECDFAEEF7 /* AccentPicker.swift */; };
		403E200B7252F48793C0C358 /* ThemeBackgroundStore.swift in Sources */ = {isa = PBXBuildFile; fileRef = 948B52077B9A2F5C2149106D /* ThemeBackgroundStore.swift */; };
		42128C7A05050080706083FF /* Theme+LiquidMint.swift in Sources */ = {isa = PBXBuildFile; fileRef = DD86C87065DBFAD706F52315 /* Theme+LiquidMint.swift */; };
		4248B9414AEB9A40A502BE34 /* Theme+Mechanical.swift in Sources */ = {isa = PBXBuildFile; fileRef = 18E0F42F4CC343BA2793B08D /* Theme+Mechanical.swift */; };
		42D1C7EC2F36010E211F6E7B /* ThemeBackgroundStore.swift in Sources */ = {isa = PBXBuildFile; fileRef = 948B52077B9A2F5C2149106D /* ThemeBackgroundStore.swift */; };
		497AAD62F94C2913BD45CA6A /* NotepadManager.swift in Sources */ = {isa = PBXBuildFile; fileRef = 77B832DE3693AB61F6202524 /* NotepadManager.swift */; };
		4A4C158EED59D9586744EB68 /* NotepadBrowsePanel.swift in Sources */ = {isa = PBXBuildFile; fileRef = 2A6DFDCAA8AB77467EB6DB9A /* NotepadBrowsePanel.swift */; };
		4ADC6C1280C2EFD33E91FE04 /* KeyboardLiveState.swift in Sources */ = {isa = PBXBuildFile; fileRef = 6677F5637BFA29F320E57C15 /* KeyboardLiveState.swift */; };
		4BE2AF2874E1B00158143714 /* SoundPlayer.swift in Sources */ = {isa = PBXBuildFile; fileRef = E59CD27F77EC36EDBC7AE8F0 /* SoundPlayer.swift */; };
		4C39743E419C219D53FB2233 /* KeyboardPreview.swift in Sources */ = {isa = PBXBuildFile; fileRef = 6E1D6F6CAE551B982EAEA3F9 /* KeyboardPreview.swift */; };
		4EF90BFEBDA0E1AD70BB7E27 /* Theme+Carbon.swift in Sources */ = {isa = PBXBuildFile; fileRef = 50FFFE172039C44D7B2D4E80 /* Theme+Carbon.swift */; };
		526C76DC55ADCFC1CC1DA852 /* EmojiSettingsView.swift in Sources */ = {isa = PBXBuildFile; fileRef = 39FDB6FF761A1B9983D99D51 /* EmojiSettingsView.swift */; };
		528F2D31362D9EE6A8B84E04 /* EmojiData.generated.swift in Sources */ = {isa = PBXBuildFile; fileRef = 148AA47AC2638AB397929AF1 /* EmojiData.generated.swift */; };
		54AD91BF93B5363C3C7D9373 /* ClinkKeyboard.appex in Embed Foundation Extensions */ = {isa = PBXBuildFile; fileRef = A06533C1C5E7C51A9D0B3454 /* ClinkKeyboard.appex */; settings = {ATTRIBUTES = (RemoveHeadersOnCopy, ); }; };
		556A45C2449169ACA72D6B1F /* AppStage.swift in Sources */ = {isa = PBXBuildFile; fileRef = E887A5C7AFA3E881307455F8 /* AppStage.swift */; };
		59BA1AB5BB285F1D73A04CFF /* RGBA.swift in Sources */ = {isa = PBXBuildFile; fileRef = BA82BC99C7A359DF18B9CDDD /* RGBA.swift */; };
		5B464F04381F8B7B0EC397B9 /* KeyboardLayout.swift in Sources */ = {isa = PBXBuildFile; fileRef = 2FD5841C760DB0FAB7CCE6CC /* KeyboardLayout.swift */; };
		5EA493BD6E3F05E3F7D12CCD /* SuggestionEngine.swift in Sources */ = {isa = PBXBuildFile; fileRef = 8EBBE1A59D34F9725BA5ED16 /* SuggestionEngine.swift */; };
		5EBF224AC395DD0579186B2D /* ShowcaseView.swift in Sources */ = {isa = PBXBuildFile; fileRef = E7F89D5510BE5ADAE9BC8ECF /* ShowcaseView.swift */; };
		60F8FF84CD76E7334D3FE3F9 /* NotepadNote.swift in Sources */ = {isa = PBXBuildFile; fileRef = 0160583BC8270DF57E31D4E4 /* NotepadNote.swift */; };
		6169A30448911C9465BC2C4C /* Theme+Graphite.swift in Sources */ = {isa = PBXBuildFile; fileRef = 0C2601A5B41BF718DD05CA39 /* Theme+Graphite.swift */; };
		617021EF084EA3192ABE5872 /* EnableFlowView.swift in Sources */ = {isa = PBXBuildFile; fileRef = 07CA903F575F647CCA010CD1 /* EnableFlowView.swift */; };
		61F74C1EB6F152E298CA7E72 /* Theme+Coral.swift in Sources */ = {isa = PBXBuildFile; fileRef = 6E0A0CF368901524810FC2ED /* Theme+Coral.swift */; };
		6217A5434DA4FFA4993A3338 /* Theme+LiquidEmber.swift in Sources */ = {isa = PBXBuildFile; fileRef = BA1BB3D53C764134F2D95F2D /* Theme+LiquidEmber.swift */; };
		626C5032BBAFA45C85C4239D /* Theme+SolarizedDark.swift in Sources */ = {isa = PBXBuildFile; fileRef = B5FE9F8364688968E5539767 /* Theme+SolarizedDark.swift */; };
		62D806635952179BB0B76023 /* Theme+Latte.swift in Sources */ = {isa = PBXBuildFile; fileRef = 5512C30FD91A60E65459B1A7 /* Theme+Latte.swift */; };
		6385BAE51DB5635D90DAA773 /* Theme+Ember.swift in Sources */ = {isa = PBXBuildFile; fileRef = E10C790FE1162939E62BDAA3 /* Theme+Ember.swift */; };
		6458D8B669F1B46F9599AC7B /* SmartPunctuation.swift in Sources */ = {isa = PBXBuildFile; fileRef = 247100C266670E093E13EFC1 /* SmartPunctuation.swift */; };
		6729689C255FF2648C9B8FC6 /* CalculatorPanel.swift in Sources */ = {isa = PBXBuildFile; fileRef = 0761F936B8A6B937C0ECD46C /* CalculatorPanel.swift */; };
		68627A6C8F349503A1764BC9 /* PrivacyInfo.xcprivacy in Resources */ = {isa = PBXBuildFile; fileRef = CA6B04AC4156D93A230B1EBB /* PrivacyInfo.xcprivacy */; };
		6A8DFD98B768C4B591019692 /* LayoutPickerView.swift in Sources */ = {isa = PBXBuildFile; fileRef = 4AAF4700023DDC86E7C9062B /* LayoutPickerView.swift */; };
		6AC11BBA73FE855F3968E0FB /* Theme+SolarizedDark.swift in Sources */ = {isa = PBXBuildFile; fileRef = B5FE9F8364688968E5539767 /* Theme+SolarizedDark.swift */; };
		6B529A54484E78DA1CB76B70 /* Theme+Sakura.swift in Sources */ = {isa = PBXBuildFile; fileRef = 0782ECAE008251748D18E1D1 /* Theme+Sakura.swift */; };
		6BCACE64387F0B4208941CF6 /* KeyTouchRouter.swift in Sources */ = {isa = PBXBuildFile; fileRef = 1A748954CFFCF00AEA9A55DF /* KeyTouchRouter.swift */; };
		6C395DB949B5F8CFE8176570 /* Theme+Nord.swift in Sources */ = {isa = PBXBuildFile; fileRef = D25BD3CF22EC6A03A6C3D603 /* Theme+Nord.swift */; };
		6D0A167660A88C78F0A51A7C /* ThemePresets.swift in Sources */ = {isa = PBXBuildFile; fileRef = C6959EF58425EE3D79388290 /* ThemePresets.swift */; };
		6E3566A0246693563CBA9900 /* Theme+Midnight.swift in Sources */ = {isa = PBXBuildFile; fileRef = 4E513B9833103D8D833AB3D9 /* Theme+Midnight.swift */; };
		6F4E4D37810033D3B2D5538E /* ThemePresets.swift in Sources */ = {isa = PBXBuildFile; fileRef = C6959EF58425EE3D79388290 /* ThemePresets.swift */; };
		6FA635783FB4FB984DBA0E87 /* Theme+Sakura.swift in Sources */ = {isa = PBXBuildFile; fileRef = 0782ECAE008251748D18E1D1 /* Theme+Sakura.swift */; };
		716494EE6D11F310FAF5ED15 /* Theme+Royal.swift in Sources */ = {isa = PBXBuildFile; fileRef = 98F8C91666F857CFD1FDF518 /* Theme+Royal.swift */; };
		73079549D701468C283EF9FF /* Theme+Matrix.swift in Sources */ = {isa = PBXBuildFile; fileRef = CAD96B2D63BE7BD3D16C2B4E /* Theme+Matrix.swift */; };
		73D756CD03CB7CAFB9C0036F /* Theme+Paper.swift in Sources */ = {isa = PBXBuildFile; fileRef = 8EEB32EB6E1B33701B50BBB7 /* Theme+Paper.swift */; };
		754DB047E0FF88C281BAE70B /* Theme+LiquidLight.swift in Sources */ = {isa = PBXBuildFile; fileRef = 72B77D38959AA685774F7DDB /* Theme+LiquidLight.swift */; };
		75F56A30FED1805869AE7E73 /* EmojiTabTapSurface.swift in Sources */ = {isa = PBXBuildFile; fileRef = EC3B49F00E2D47A5C831BFC1 /* EmojiTabTapSurface.swift */; };
		7700D18C30068362D47F3DDF /* AppModel.swift in Sources */ = {isa = PBXBuildFile; fileRef = 42B98FFA8432716147A36F0E /* AppModel.swift */; };
		794E83C6983B78DF30043554 /* NotepadNote.swift in Sources */ = {isa = PBXBuildFile; fileRef = 0160583BC8270DF57E31D4E4 /* NotepadNote.swift */; };
		79E38F01C4729B42FB644133 /* NotepadBar.swift in Sources */ = {isa = PBXBuildFile; fileRef = 2AC337AC4FBF262FCDFD3A03 /* NotepadBar.swift */; };
		79E4BCF7EB1DF9FE3752DF64 /* TrackpadPanel.swift in Sources */ = {isa = PBXBuildFile; fileRef = 1C6E41338498DA588787103C /* TrackpadPanel.swift */; };
		7B0084EDE7EC383024A52CD8 /* InputViewHeight.swift in Sources */ = {isa = PBXBuildFile; fileRef = 2DF12E5A3D107BD26DB173FD /* InputViewHeight.swift */; };
		7C00707B35BE68B76E79C2D3 /* HitboxView.swift in Sources */ = {isa = PBXBuildFile; fileRef = 39336F1F36906A928233A48F /* HitboxView.swift */; };
		7DB4DC980B7D7DA73FE4C055 /* EmojiTabTapSurface.swift in Sources */ = {isa = PBXBuildFile; fileRef = EC3B49F00E2D47A5C831BFC1 /* EmojiTabTapSurface.swift */; };
		7E2D1B0A95A6A747FA6BCD50 /* KeyboardSettings.swift in Sources */ = {isa = PBXBuildFile; fileRef = 3084837B56B933D2E3846C3A /* KeyboardSettings.swift */; };
		7E57D1D2DB3886AB66C203F1 /* KeyPopup.swift in Sources */ = {isa = PBXBuildFile; fileRef = 91D10A388F860363D872978F /* KeyPopup.swift */; };
		7EA392CE09942EDB298E76AE /* CalculatorSettingsView.swift in Sources */ = {isa = PBXBuildFile; fileRef = 7F101CB1DD74A4CF9831A8D7 /* CalculatorSettingsView.swift */; };
		819662BE3E7814C19F18A12E /* Assets.xcassets in Resources */ = {isa = PBXBuildFile; fileRef = 2F7F467DA96CBD7A7FA140AE /* Assets.xcassets */; };
		81EA4F5DAFFA0E8D7EED7321 /* Theme+Snow.swift in Sources */ = {isa = PBXBuildFile; fileRef = 46BEEC5E0D5D67EB9F4C99EF /* Theme+Snow.swift */; };
		81FAF62E6679165478D16824 /* EmojiData.swift in Sources */ = {isa = PBXBuildFile; fileRef = 550DB37AF0E30A5A41C1A9AC /* EmojiData.swift */; };
		830D2A27F7DA7295AD15C0C5 /* ThemeEditorView.swift in Sources */ = {isa = PBXBuildFile; fileRef = D07CE5F41986DBEC496E6369 /* ThemeEditorView.swift */; };
		853C4D4E5C0D7DC51002BE7F /* ThemeTypes.swift in Sources */ = {isa = PBXBuildFile; fileRef = 8DCB0B8DCEAB3225DFD69154 /* ThemeTypes.swift */; };
		861997865E1684F0E4DA47C1 /* NotepadBrowsePanel.swift in Sources */ = {isa = PBXBuildFile; fileRef = 2A6DFDCAA8AB77467EB6DB9A /* NotepadBrowsePanel.swift */; };
		86F22F11C4BBCAA6C51B9F5B /* iUXiOS in Frameworks */ = {isa = PBXBuildFile; productRef = 0FE274416A9E7BA62E04D778 /* iUXiOS */; };
		87F2C576325BB48774148334 /* CursorView.swift in Sources */ = {isa = PBXBuildFile; fileRef = C06DCCF18B498BC70F7B483D /* CursorView.swift */; };
		8822C1881974514DBEA2E98E /* Theme+LiquidEmber.swift in Sources */ = {isa = PBXBuildFile; fileRef = BA1BB3D53C764134F2D95F2D /* Theme+LiquidEmber.swift */; };
		8CABFCEA41FACF26030F3562 /* EmojiCell.swift in Sources */ = {isa = PBXBuildFile; fileRef = 2D744EEA3405072F1C9A6785 /* EmojiCell.swift */; };
		8DEFA224BE4F09F5673289E9 /* OverlaysView.swift in Sources */ = {isa = PBXBuildFile; fileRef = 0BAFE2A3EE0CAFE4F4E44E11 /* OverlaysView.swift */; };
		8F6E5D4864A174BC64B937FE /* ActionPanelButton.swift in Sources */ = {isa = PBXBuildFile; fileRef = 98BCE8C72329C3AC84F83958 /* ActionPanelButton.swift */; };
		900F8AE00F7628457A93AEAF /* AdaptiveHitbox.swift in Sources */ = {isa = PBXBuildFile; fileRef = 2FFC2DFBCF6935D26D76CBFF /* AdaptiveHitbox.swift */; };
		93C7B724742F3EBF59F3C840 /* EmojiData.generated.swift in Sources */ = {isa = PBXBuildFile; fileRef = 148AA47AC2638AB397929AF1 /* EmojiData.generated.swift */; };
		93E2C093B23B3F16535C9840 /* KeySpec.swift in Sources */ = {isa = PBXBuildFile; fileRef = C1B46A3DAD23518E0D767C90 /* KeySpec.swift */; };
		945857F43FAD5D6EEC2ADCBE /* EmojiDeleteTile.swift in Sources */ = {isa = PBXBuildFile; fileRef = 89603465B35CBE91068ED11D /* EmojiDeleteTile.swift */; };
		96E8E4C6C67E8FF738391AEC /* EmojiData.swift in Sources */ = {isa = PBXBuildFile; fileRef = 550DB37AF0E30A5A41C1A9AC /* EmojiData.swift */; };
		993EFDE9D25B3CCA0B9FEE70 /* Theme+Ocean.swift in Sources */ = {isa = PBXBuildFile; fileRef = 6AB771E75D52A5EC26A51EF5 /* Theme+Ocean.swift */; };
		9A449AEE3DC0530EA281DB64 /* InputViewHeight.swift in Sources */ = {isa = PBXBuildFile; fileRef = 2DF12E5A3D107BD26DB173FD /* InputViewHeight.swift */; };
		9AB592CBAD274F35B8EA2CA8 /* KeyTouchRouter.swift in Sources */ = {isa = PBXBuildFile; fileRef = 1A748954CFFCF00AEA9A55DF /* KeyTouchRouter.swift */; };
		A02430FCE33EDD5CEDFD516C /* SoundPack.swift in Sources */ = {isa = PBXBuildFile; fileRef = 9993AF7E588543B2754CAB3E /* SoundPack.swift */; };
		A058B107ECEDBBA0DC84CE28 /* PanelSwitcherPanel.swift in Sources */ = {isa = PBXBuildFile; fileRef = F56FBF088403DCE7E480B111 /* PanelSwitcherPanel.swift */; };
		A1A40D5E05D2239F373953BF /* ClipboardManager.swift in Sources */ = {isa = PBXBuildFile; fileRef = 6093923E8A1E6FB4377D8BB8 /* ClipboardManager.swift */; };
		A1FCC654C7BF323839575EB7 /* EmojiCanvas.swift in Sources */ = {isa = PBXBuildFile; fileRef = 904EC1B1C1F79C503738CECD /* EmojiCanvas.swift */; };
		A219D370D9C7C0861A1D1C15 /* SkinTonePicker.swift in Sources */ = {isa = PBXBuildFile; fileRef = 70622CD9069B9679F09AF4A4 /* SkinTonePicker.swift */; };
		A6A9F6C0AAC050358C86254C /* EmojiBarTouchSurface.swift in Sources */ = {isa = PBXBuildFile; fileRef = 61EF8CE63DD7E01CB6DCA676 /* EmojiBarTouchSurface.swift */; };
		AB406C8A0934B924102076E4 /* LogoMark.swift in Sources */ = {isa = PBXBuildFile; fileRef = 4A6C36E725FD0C97028F25F5 /* LogoMark.swift */; };
		AB58C4E13C3624393D1DBB74 /* SwipeRow.swift in Sources */ = {isa = PBXBuildFile; fileRef = 02324DFD322F43E2CD9AEA08 /* SwipeRow.swift */; };
		ABB5947EF710CBCEF688E5F4 /* Theme+Paper.swift in Sources */ = {isa = PBXBuildFile; fileRef = 8EEB32EB6E1B33701B50BBB7 /* Theme+Paper.swift */; };
		ABF159FD760D8E15C80CE747 /* Theme+Snobble.swift in Sources */ = {isa = PBXBuildFile; fileRef = 47B732123D36D8014D00EF75 /* Theme+Snobble.swift */; };
		ACE717FC6BBE9A5EA7B2B60B /* ThemeTypes.swift in Sources */ = {isa = PBXBuildFile; fileRef = 8DCB0B8DCEAB3225DFD69154 /* ThemeTypes.swift */; };
		B1F0421E17712A6978E9E262 /* Theme+Forest.swift in Sources */ = {isa = PBXBuildFile; fileRef = 523F0B8535ED4C5D36CF9A23 /* Theme+Forest.swift */; };
		B24BFC543F7D68F64D11339A /* Theme+Matrix.swift in Sources */ = {isa = PBXBuildFile; fileRef = CAD96B2D63BE7BD3D16C2B4E /* Theme+Matrix.swift */; };
		B2B3412A14EFBD0845456778 /* EmojiDeleteTile.swift in Sources */ = {isa = PBXBuildFile; fileRef = 89603465B35CBE91068ED11D /* EmojiDeleteTile.swift */; };
		B38A6D011F2D2D6EE6174125 /* SkinTonePicker.swift in Sources */ = {isa = PBXBuildFile; fileRef = 70622CD9069B9679F09AF4A4 /* SkinTonePicker.swift */; };
		B45E135416622CEBA9D57215 /* SwipeRow.swift in Sources */ = {isa = PBXBuildFile; fileRef = 02324DFD322F43E2CD9AEA08 /* SwipeRow.swift */; };
		B4D66C6F23137F6EF5B40B27 /* EmojiCell.swift in Sources */ = {isa = PBXBuildFile; fileRef = 2D744EEA3405072F1C9A6785 /* EmojiCell.swift */; };
		B532614642A9CE9B54BC7C0B /* Theme+Lavender.swift in Sources */ = {isa = PBXBuildFile; fileRef = 9CC95A8FEBDFF602C7F928DF /* Theme+Lavender.swift */; };
		B5BDBDBEE7D209C8504D873F /* Theme+Synthwave.swift in Sources */ = {isa = PBXBuildFile; fileRef = 4586002B16E5A1F18E6B3C31 /* Theme+Synthwave.swift */; };
		B6B4F51D8B37609FAB195703 /* KeyboardCanvas.swift in Sources */ = {isa = PBXBuildFile; fileRef = 64B72EA3228E93B5AB824EE0 /* KeyboardCanvas.swift */; };
		B71BF31701F8EBA454EA8769 /* EmojiSkinTone.swift in Sources */ = {isa = PBXBuildFile; fileRef = 1C8FABA08CD27ABE8965A352 /* EmojiSkinTone.swift */; };
		B73F0240AA82BC2F30FCB75C /* Theme+Bubblegum.swift in Sources */ = {isa = PBXBuildFile; fileRef = 5D24CE900607D42C32A1E6C6 /* Theme+Bubblegum.swift */; };
		B7AEFB5857D45F9FCF5A5F3D /* AdvancedSettingsView.swift in Sources */ = {isa = PBXBuildFile; fileRef = 934C595C40C802CA8F66B9CC /* AdvancedSettingsView.swift */; };
		B8066F654F10A0036D338B9D /* ClipboardEntry.swift in Sources */ = {isa = PBXBuildFile; fileRef = EBC5EC598346B9248D5345DE /* ClipboardEntry.swift */; };
		BCF68F820E2230EC03B2383E /* Theme+Crimson.swift in Sources */ = {isa = PBXBuildFile; fileRef = 7C00D1D75534E13782BF5FFA /* Theme+Crimson.swift */; };
		BF04F250EE72481C7443F0A8 /* ClipboardBar.swift in Sources */ = {isa = PBXBuildFile; fileRef = 89A61D8AEA35863190C24F72 /* ClipboardBar.swift */; };
		C0F38A72B69F1619B74EC5A0 /* ThemeBuilderView.swift in Sources */ = {isa = PBXBuildFile; fileRef = 473E6FADCC90F3A24F2711AC /* ThemeBuilderView.swift */; };
		C1EA521550098D0D1E27D2B4 /* Theme+SolarizedLight.swift in Sources */ = {isa = PBXBuildFile; fileRef = 49FF9775427259E748BF57E4 /* Theme+SolarizedLight.swift */; };
		C44779B75A2874B4E3C59223 /* Theme+LiquidDark.swift in Sources */ = {isa = PBXBuildFile; fileRef = 0687E21636A382CE51307EED /* Theme+LiquidDark.swift */; };
		C576639078F73C5EF212D064 /* RootView.swift in Sources */ = {isa = PBXBuildFile; fileRef = 5181D0B09674CE8789540CEA /* RootView.swift */; };
		C59299C5E20E2AC1B22BB372 /* SuggestionsView.swift in Sources */ = {isa = PBXBuildFile; fileRef = 20464616D5B71AF83D8F3340 /* SuggestionsView.swift */; };
		C8790542F376C5363EDBBED4 /* KeyPopup.swift in Sources */ = {isa = PBXBuildFile; fileRef = 91D10A388F860363D872978F /* KeyPopup.swift */; };
		C91926CA39628C7046A2312D /* AccentMap.swift in Sources */ = {isa = PBXBuildFile; fileRef = 0509D85BEBDDF08DDC933F33 /* AccentMap.swift */; };
		CC3125221D457BB07CC2F8EF /* ClipboardPanel.swift in Sources */ = {isa = PBXBuildFile; fileRef = 9E6C9F76214DB0198BEBDDD0 /* ClipboardPanel.swift */; };
		CD4319332C0957A136353784 /* AdaptiveHitbox.swift in Sources */ = {isa = PBXBuildFile; fileRef = 2FFC2DFBCF6935D26D76CBFF /* AdaptiveHitbox.swift */; };
		CEC0CEE762D47D9E688A6EF4 /* SuggestionEngine.swift in Sources */ = {isa = PBXBuildFile; fileRef = 8EBBE1A59D34F9725BA5ED16 /* SuggestionEngine.swift */; };
		CF528B2A7C7FE3AD2720EF7A /* AccentPicker.swift in Sources */ = {isa = PBXBuildFile; fileRef = 274FF636E4C3B8BECDFAEEF7 /* AccentPicker.swift */; };
		D18539C5626B4195AA5B31E5 /* Theme+Dobble.swift in Sources */ = {isa = PBXBuildFile; fileRef = AB390E73F039F0D0C8883754 /* Theme+Dobble.swift */; };
		D25B8D2C2444B5A19BA80F80 /* Theme+LiquidDark.swift in Sources */ = {isa = PBXBuildFile; fileRef = 0687E21636A382CE51307EED /* Theme+LiquidDark.swift */; };
		D4F80BCB1F91A2F9F0A0ADF0 /* Theme+LiquidMint.swift in Sources */ = {isa = PBXBuildFile; fileRef = DD86C87065DBFAD706F52315 /* Theme+LiquidMint.swift */; };
		D66A676C0FE8F0ACEA76ECF3 /* CalculatorPanel.swift in Sources */ = {isa = PBXBuildFile; fileRef = 0761F936B8A6B937C0ECD46C /* CalculatorPanel.swift */; };
		D8BFB7EBFEF96FC8CA3B08BB /* ClipboardEntry.swift in Sources */ = {isa = PBXBuildFile; fileRef = EBC5EC598346B9248D5345DE /* ClipboardEntry.swift */; };
		D96D477DF59015E02D971CB7 /* NotepadManager.swift in Sources */ = {isa = PBXBuildFile; fileRef = 77B832DE3693AB61F6202524 /* NotepadManager.swift */; };
		D9FC557C711D3D686A906B22 /* PopupsView.swift in Sources */ = {isa = PBXBuildFile; fileRef = 313DD89FF2119DDFF4996979 /* PopupsView.swift */; };
		DB84BAB4CDE3273780537F18 /* EmojiCanvas.swift in Sources */ = {isa = PBXBuildFile; fileRef = 904EC1B1C1F79C503738CECD /* EmojiCanvas.swift */; };
		DE39DFC3C91301364011332B /* KeysView.swift in Sources */ = {isa = PBXBuildFile; fileRef = E409F1A6F927F0EF03D8CC62 /* KeysView.swift */; };
		DE8CCE9B5012754C8A6C7877 /* TuningPresets.swift in Sources */ = {isa = PBXBuildFile; fileRef = E91E48B211B55CCF9D4AF918 /* TuningPresets.swift */; };
		DF275470B09C2ADC1CF62EF7 /* ClipboardHistoryView.swift in Sources */ = {isa = PBXBuildFile; fileRef = FEC772F47B76E7DF377C293D /* ClipboardHistoryView.swift */; };
		E42BC9182B558D0C62C887A0 /* EmojiSkinTone.swift in Sources */ = {isa = PBXBuildFile; fileRef = 1C8FABA08CD27ABE8965A352 /* EmojiSkinTone.swift */; };
		E494A7E467A3B03D8D75461C /* Theme+Mint.swift in Sources */ = {isa = PBXBuildFile; fileRef = 59E4160C12539AD69EF22CA3 /* Theme+Mint.swift */; };
		E685920684FE7F80A95C15E0 /* Theme+Synthwave.swift in Sources */ = {isa = PBXBuildFile; fileRef = 4586002B16E5A1F18E6B3C31 /* Theme+Synthwave.swift */; };
		E744EE837F24A73392932FBE /* Theme+Latte.swift in Sources */ = {isa = PBXBuildFile; fileRef = 5512C30FD91A60E65459B1A7 /* Theme+Latte.swift */; };
		E7CEE5A0D037AF8CB8676B88 /* Theme+Carbon.swift in Sources */ = {isa = PBXBuildFile; fileRef = 50FFFE172039C44D7B2D4E80 /* Theme+Carbon.swift */; };
		E8783FD3CF1CC586286AE5CA /* LocalizationView.swift in Sources */ = {isa = PBXBuildFile; fileRef = E6027B59C7DE78F22A746853 /* LocalizationView.swift */; };
		E8FCEB6A74C21FA687FB8687 /* Theme+Mechanical.swift in Sources */ = {isa = PBXBuildFile; fileRef = 18E0F42F4CC343BA2793B08D /* Theme+Mechanical.swift */; };
		E90AFBB5D8A7267BCD721664 /* iUXiOS in Frameworks */ = {isa = PBXBuildFile; productRef = 3FC50AE872783BD6CBFC8F4F /* iUXiOS */; };
		E972CCF25B6CFD941196E8B1 /* AutomationView.swift in Sources */ = {isa = PBXBuildFile; fileRef = B023BF2E190A738B123F9CAB /* AutomationView.swift */; };
		EB4F862D23D1A7104C00B19D /* Theme+Nord.swift in Sources */ = {isa = PBXBuildFile; fileRef = D25BD3CF22EC6A03A6C3D603 /* Theme+Nord.swift */; };
		ED25A00327EED054A0E79CBC /* Theme+Bubblegum.swift in Sources */ = {isa = PBXBuildFile; fileRef = 5D24CE900607D42C32A1E6C6 /* Theme+Bubblegum.swift */; };
		ED634FC67C89A063D8376FEC /* KeyGlyphLayer.swift in Sources */ = {isa = PBXBuildFile; fileRef = B6F506DC457354A4B3A61F95 /* KeyGlyphLayer.swift */; };
		EF3C529E5FF3BBB3E2CECD0A /* KeyboardViewController.swift in Sources */ = {isa = PBXBuildFile; fileRef = 1E12DFC4B4EFFA4222046212 /* KeyboardViewController.swift */; };
		EF7A071FFCD5BE0BF91C6E6F /* ClipboardBar.swift in Sources */ = {isa = PBXBuildFile; fileRef = 89A61D8AEA35863190C24F72 /* ClipboardBar.swift */; };
		EFB3F1685FF60E49ADF4DD07 /* SharedStore.swift in Sources */ = {isa = PBXBuildFile; fileRef = FF59E26E52134F6C6A4604F2 /* SharedStore.swift */; };
		F03A4645D75B0FC6BF66CC0F /* KeySpec.swift in Sources */ = {isa = PBXBuildFile; fileRef = C1B46A3DAD23518E0D767C90 /* KeySpec.swift */; };
		F11DDFA538F1D32FA57E8BA1 /* KeyboardSettings.swift in Sources */ = {isa = PBXBuildFile; fileRef = 3084837B56B933D2E3846C3A /* KeyboardSettings.swift */; };
		F2727DE1FAB6DFC5786B8A0E /* Theme.swift in Sources */ = {isa = PBXBuildFile; fileRef = 8927D850C4365DFDC1FD2FDA /* Theme.swift */; };
		F2A0D195A3E3771239316062 /* Theme+LiquidLight.swift in Sources */ = {isa = PBXBuildFile; fileRef = 72B77D38959AA685774F7DDB /* Theme+LiquidLight.swift */; };
		F4275FAC9199499C724ED331 /* ActionPanelButton.swift in Sources */ = {isa = PBXBuildFile; fileRef = 98BCE8C72329C3AC84F83958 /* ActionPanelButton.swift */; };
		F4E1C872CA1F9EF6D87A4DE3 /* Theme+Ocean.swift in Sources */ = {isa = PBXBuildFile; fileRef = 6AB771E75D52A5EC26A51EF5 /* Theme+Ocean.swift */; };
		F5255F5E625BE71B2C96A781 /* Theme+Graphite.swift in Sources */ = {isa = PBXBuildFile; fileRef = 0C2601A5B41BF718DD05CA39 /* Theme+Graphite.swift */; };
		F5647E8390A6C317B97D9CDC /* KeyboardController.swift in Sources */ = {isa = PBXBuildFile; fileRef = 49DB80C42BDBBFBA3D7876A5 /* KeyboardController.swift */; };
		F5683D66092BCBAFF19F3A12 /* Theme+Coral.swift in Sources */ = {isa = PBXBuildFile; fileRef = 6E0A0CF368901524810FC2ED /* Theme+Coral.swift */; };
		F57C18E6F3262F2C3168B3BB /* LayoutView.swift in Sources */ = {isa = PBXBuildFile; fileRef = 9DEEBB3AA4655F8EF4C73357 /* LayoutView.swift */; };
		F722F207AB108110ABD7E63C /* KeyboardCanvas.swift in Sources */ = {isa = PBXBuildFile; fileRef = 64B72EA3228E93B5AB824EE0 /* KeyboardCanvas.swift */; };
		F8F7ED0153158B632C2232AD /* StagedHeroView.swift in Sources */ = {isa = PBXBuildFile; fileRef = 5C04D6AA199C403FCC06DCF8 /* StagedHeroView.swift */; };
		FA4070EE76BA8E68DD4F0341 /* Theme+Ember.swift in Sources */ = {isa = PBXBuildFile; fileRef = E10C790FE1162939E62BDAA3 /* Theme+Ember.swift */; };
		FAB3053C826EFF1325A39E0B /* SoundPack.swift in Sources */ = {isa = PBXBuildFile; fileRef = 9993AF7E588543B2754CAB3E /* SoundPack.swift */; };
		FBDF432C0811C0D4E99CAF8A /* BackupView.swift in Sources */ = {isa = PBXBuildFile; fileRef = 4660055B8E24F96BEFC47475 /* BackupView.swift */; };
/* End PBXBuildFile section */

/* Begin PBXContainerItemProxy section */
		7080A74211B9EFB8ADB563BE /* PBXContainerItemProxy */ = {
			isa = PBXContainerItemProxy;
			containerPortal = 35297B76EB67D3CEB149DBF5 /* Project object */;
			proxyType = 1;
			remoteGlobalIDString = 04A96E32833CFE8EFAFC32B9;
			remoteInfo = ClinkKeyboard;
		};
/* End PBXContainerItemProxy section */

/* Begin PBXCopyFilesBuildPhase section */
		852472430F97C9732558D1BE /* Embed Foundation Extensions */ = {
			isa = PBXCopyFilesBuildPhase;
			buildActionMask = 2147483647;
			dstPath = "";
			dstSubfolderSpec = 13;
			files = (
				54AD91BF93B5363C3C7D9373 /* ClinkKeyboard.appex in Embed Foundation Extensions */,
			);
			name = "Embed Foundation Extensions";
			runOnlyForDeploymentPostprocessing = 0;
		};
/* End PBXCopyFilesBuildPhase section */

/* Begin PBXFileReference section */
		0160583BC8270DF57E31D4E4 /* NotepadNote.swift */ = {isa = PBXFileReference; lastKnownFileType = sourcecode.swift; path = NotepadNote.swift; sourceTree = "<group>"; };
		02324DFD322F43E2CD9AEA08 /* SwipeRow.swift */ = {isa = PBXFileReference; lastKnownFileType = sourcecode.swift; path = SwipeRow.swift; sourceTree = "<group>"; };
		0509D85BEBDDF08DDC933F33 /* AccentMap.swift */ = {isa = PBXFileReference; lastKnownFileType = sourcecode.swift; path = AccentMap.swift; sourceTree = "<group>"; };
		0687E21636A382CE51307EED /* Theme+LiquidDark.swift */ = {isa = PBXFileReference; lastKnownFileType = sourcecode.swift; path = "Theme+LiquidDark.swift"; sourceTree = "<group>"; };
		0761F936B8A6B937C0ECD46C /* CalculatorPanel.swift */ = {isa = PBXFileReference; lastKnownFileType = sourcecode.swift; path = CalculatorPanel.swift; sourceTree = "<group>"; };
		0782ECAE008251748D18E1D1 /* Theme+Sakura.swift */ = {isa = PBXFileReference; lastKnownFileType = sourcecode.swift; path = "Theme+Sakura.swift"; sourceTree = "<group>"; };
		07CA903F575F647CCA010CD1 /* EnableFlowView.swift */ = {isa = PBXFileReference; lastKnownFileType = sourcecode.swift; path = EnableFlowView.swift; sourceTree = "<group>"; };
		0BAFE2A3EE0CAFE4F4E44E11 /* OverlaysView.swift */ = {isa = PBXFileReference; lastKnownFileType = sourcecode.swift; path = OverlaysView.swift; sourceTree = "<group>"; };
		0C2601A5B41BF718DD05CA39 /* Theme+Graphite.swift */ = {isa = PBXFileReference; lastKnownFileType = sourcecode.swift; path = "Theme+Graphite.swift"; sourceTree = "<group>"; };
		0CA35E80AF975521E462AB2B /* AnimationView.swift */ = {isa = PBXFileReference; lastKnownFileType = sourcecode.swift; path = AnimationView.swift; sourceTree = "<group>"; };
		13424011E93FB7103500DB64 /* KeyView.swift */ = {isa = PBXFileReference; lastKnownFileType = sourcecode.swift; path = KeyView.swift; sourceTree = "<group>"; };
		148AA47AC2638AB397929AF1 /* EmojiData.generated.swift */ = {isa = PBXFileReference; lastKnownFileType = sourcecode.swift; path = EmojiData.generated.swift; sourceTree = "<group>"; };
		18E0F42F4CC343BA2793B08D /* Theme+Mechanical.swift */ = {isa = PBXFileReference; lastKnownFileType = sourcecode.swift; path = "Theme+Mechanical.swift"; sourceTree = "<group>"; };
		1A748954CFFCF00AEA9A55DF /* KeyTouchRouter.swift */ = {isa = PBXFileReference; lastKnownFileType = sourcecode.swift; path = KeyTouchRouter.swift; sourceTree = "<group>"; };
		1C6E41338498DA588787103C /* TrackpadPanel.swift */ = {isa = PBXFileReference; lastKnownFileType = sourcecode.swift; path = TrackpadPanel.swift; sourceTree = "<group>"; };
		1C8FABA08CD27ABE8965A352 /* EmojiSkinTone.swift */ = {isa = PBXFileReference; lastKnownFileType = sourcecode.swift; path = EmojiSkinTone.swift; sourceTree = "<group>"; };
		1E12DFC4B4EFFA4222046212 /* KeyboardViewController.swift */ = {isa = PBXFileReference; lastKnownFileType = sourcecode.swift; path = KeyboardViewController.swift; sourceTree = "<group>"; };
		20464616D5B71AF83D8F3340 /* SuggestionsView.swift */ = {isa = PBXFileReference; lastKnownFileType = sourcecode.swift; path = SuggestionsView.swift; sourceTree = "<group>"; };
		247100C266670E093E13EFC1 /* SmartPunctuation.swift */ = {isa = PBXFileReference; lastKnownFileType = sourcecode.swift; path = SmartPunctuation.swift; sourceTree = "<group>"; };
		274FF636E4C3B8BECDFAEEF7 /* AccentPicker.swift */ = {isa = PBXFileReference; lastKnownFileType = sourcecode.swift; path = AccentPicker.swift; sourceTree = "<group>"; };
		2A6DFDCAA8AB77467EB6DB9A /* NotepadBrowsePanel.swift */ = {isa = PBXFileReference; lastKnownFileType = sourcecode.swift; path = NotepadBrowsePanel.swift; sourceTree = "<group>"; };
		2AC337AC4FBF262FCDFD3A03 /* NotepadBar.swift */ = {isa = PBXFileReference; lastKnownFileType = sourcecode.swift; path = NotepadBar.swift; sourceTree = "<group>"; };
		2D744EEA3405072F1C9A6785 /* EmojiCell.swift */ = {isa = PBXFileReference; lastKnownFileType = sourcecode.swift; path = EmojiCell.swift; sourceTree = "<group>"; };
		2DF12E5A3D107BD26DB173FD /* InputViewHeight.swift */ = {isa = PBXFileReference; lastKnownFileType = sourcecode.swift; path = InputViewHeight.swift; sourceTree = "<group>"; };
		2F7F467DA96CBD7A7FA140AE /* Assets.xcassets */ = {isa = PBXFileReference; lastKnownFileType = folder.assetcatalog; path = Assets.xcassets; sourceTree = "<group>"; };
		2FD5841C760DB0FAB7CCE6CC /* KeyboardLayout.swift */ = {isa = PBXFileReference; lastKnownFileType = sourcecode.swift; path = KeyboardLayout.swift; sourceTree = "<group>"; };
		2FFC2DFBCF6935D26D76CBFF /* AdaptiveHitbox.swift */ = {isa = PBXFileReference; lastKnownFileType = sourcecode.swift; path = AdaptiveHitbox.swift; sourceTree = "<group>"; };
		3084837B56B933D2E3846C3A /* KeyboardSettings.swift */ = {isa = PBXFileReference; lastKnownFileType = sourcecode.swift; path = KeyboardSettings.swift; sourceTree = "<group>"; };
		313DD89FF2119DDFF4996979 /* PopupsView.swift */ = {isa = PBXFileReference; lastKnownFileType = sourcecode.swift; path = PopupsView.swift; sourceTree = "<group>"; };
		39336F1F36906A928233A48F /* HitboxView.swift */ = {isa = PBXFileReference; lastKnownFileType = sourcecode.swift; path = HitboxView.swift; sourceTree = "<group>"; };
		39FDB6FF761A1B9983D99D51 /* EmojiSettingsView.swift */ = {isa = PBXFileReference; lastKnownFileType = sourcecode.swift; path = EmojiSettingsView.swift; sourceTree = "<group>"; };
		42B98FFA8432716147A36F0E /* AppModel.swift */ = {isa = PBXFileReference; lastKnownFileType = sourcecode.swift; path = AppModel.swift; sourceTree = "<group>"; };
		4586002B16E5A1F18E6B3C31 /* Theme+Synthwave.swift */ = {isa = PBXFileReference; lastKnownFileType = sourcecode.swift; path = "Theme+Synthwave.swift"; sourceTree = "<group>"; };
		4660055B8E24F96BEFC47475 /* BackupView.swift */ = {isa = PBXFileReference; lastKnownFileType = sourcecode.swift; path = BackupView.swift; sourceTree = "<group>"; };
		46BEEC5E0D5D67EB9F4C99EF /* Theme+Snow.swift */ = {isa = PBXFileReference; lastKnownFileType = sourcecode.swift; path = "Theme+Snow.swift"; sourceTree = "<group>"; };
		473E6FADCC90F3A24F2711AC /* ThemeBuilderView.swift */ = {isa = PBXFileReference; lastKnownFileType = sourcecode.swift; path = ThemeBuilderView.swift; sourceTree = "<group>"; };
		47B732123D36D8014D00EF75 /* Theme+Snobble.swift */ = {isa = PBXFileReference; lastKnownFileType = sourcecode.swift; path = "Theme+Snobble.swift"; sourceTree = "<group>"; };
		49DB80C42BDBBFBA3D7876A5 /* KeyboardController.swift */ = {isa = PBXFileReference; lastKnownFileType = sourcecode.swift; path = KeyboardController.swift; sourceTree = "<group>"; };
		49FF9775427259E748BF57E4 /* Theme+SolarizedLight.swift */ = {isa = PBXFileReference; lastKnownFileType = sourcecode.swift; path = "Theme+SolarizedLight.swift"; sourceTree = "<group>"; };
		4A6C36E725FD0C97028F25F5 /* LogoMark.swift */ = {isa = PBXFileReference; lastKnownFileType = sourcecode.swift; path = LogoMark.swift; sourceTree = "<group>"; };
		4AAF4700023DDC86E7C9062B /* LayoutPickerView.swift */ = {isa = PBXFileReference; lastKnownFileType = sourcecode.swift; path = LayoutPickerView.swift; sourceTree = "<group>"; };
		4E513B9833103D8D833AB3D9 /* Theme+Midnight.swift */ = {isa = PBXFileReference; lastKnownFileType = sourcecode.swift; path = "Theme+Midnight.swift"; sourceTree = "<group>"; };
		4F5560818524A3D75B31CF7C /* Theme+Dracula.swift */ = {isa = PBXFileReference; lastKnownFileType = sourcecode.swift; path = "Theme+Dracula.swift"; sourceTree = "<group>"; };
		50FFFE172039C44D7B2D4E80 /* Theme+Carbon.swift */ = {isa = PBXFileReference; lastKnownFileType = sourcecode.swift; path = "Theme+Carbon.swift"; sourceTree = "<group>"; };
		5181D0B09674CE8789540CEA /* RootView.swift */ = {isa = PBXFileReference; lastKnownFileType = sourcecode.swift; path = RootView.swift; sourceTree = "<group>"; };
		523F0B8535ED4C5D36CF9A23 /* Theme+Forest.swift */ = {isa = PBXFileReference; lastKnownFileType = sourcecode.swift; path = "Theme+Forest.swift"; sourceTree = "<group>"; };
		533CC42392A2CF228BDDA184 /* ResponseView.swift */ = {isa = PBXFileReference; lastKnownFileType = sourcecode.swift; path = ResponseView.swift; sourceTree = "<group>"; };
		5462C6538A73BD8117516CB5 /* TypingView.swift */ = {isa = PBXFileReference; lastKnownFileType = sourcecode.swift; path = TypingView.swift; sourceTree = "<group>"; };
		550DB37AF0E30A5A41C1A9AC /* EmojiData.swift */ = {isa = PBXFileReference; lastKnownFileType = sourcecode.swift; path = EmojiData.swift; sourceTree = "<group>"; };
		5512C30FD91A60E65459B1A7 /* Theme+Latte.swift */ = {isa = PBXFileReference; lastKnownFileType = sourcecode.swift; path = "Theme+Latte.swift"; sourceTree = "<group>"; };
		59E4160C12539AD69EF22CA3 /* Theme+Mint.swift */ = {isa = PBXFileReference; lastKnownFileType = sourcecode.swift; path = "Theme+Mint.swift"; sourceTree = "<group>"; };
		5C04D6AA199C403FCC06DCF8 /* StagedHeroView.swift */ = {isa = PBXFileReference; lastKnownFileType = sourcecode.swift; path = StagedHeroView.swift; sourceTree = "<group>"; };
		5D24CE900607D42C32A1E6C6 /* Theme+Bubblegum.swift */ = {isa = PBXFileReference; lastKnownFileType = sourcecode.swift; path = "Theme+Bubblegum.swift"; sourceTree = "<group>"; };
		6093923E8A1E6FB4377D8BB8 /* ClipboardManager.swift */ = {isa = PBXFileReference; lastKnownFileType = sourcecode.swift; path = ClipboardManager.swift; sourceTree = "<group>"; };
		61EF8CE63DD7E01CB6DCA676 /* EmojiBarTouchSurface.swift */ = {isa = PBXFileReference; lastKnownFileType = sourcecode.swift; path = EmojiBarTouchSurface.swift; sourceTree = "<group>"; };
		64B72EA3228E93B5AB824EE0 /* KeyboardCanvas.swift */ = {isa = PBXFileReference; lastKnownFileType = sourcecode.swift; path = KeyboardCanvas.swift; sourceTree = "<group>"; };
		6677F5637BFA29F320E57C15 /* KeyboardLiveState.swift */ = {isa = PBXFileReference; lastKnownFileType = sourcecode.swift; path = KeyboardLiveState.swift; sourceTree = "<group>"; };
		6AB771E75D52A5EC26A51EF5 /* Theme+Ocean.swift */ = {isa = PBXFileReference; lastKnownFileType = sourcecode.swift; path = "Theme+Ocean.swift"; sourceTree = "<group>"; };
		6E0A0CF368901524810FC2ED /* Theme+Coral.swift */ = {isa = PBXFileReference; lastKnownFileType = sourcecode.swift; path = "Theme+Coral.swift"; sourceTree = "<group>"; };
		6E1D6F6CAE551B982EAEA3F9 /* KeyboardPreview.swift */ = {isa = PBXFileReference; lastKnownFileType = sourcecode.swift; path = KeyboardPreview.swift; sourceTree = "<group>"; };
		6E9C7A15D827D03AE993837E /* PrivacyInfo.xcprivacy */ = {isa = PBXFileReference; path = PrivacyInfo.xcprivacy; sourceTree = "<group>"; };
		70622CD9069B9679F09AF4A4 /* SkinTonePicker.swift */ = {isa = PBXFileReference; lastKnownFileType = sourcecode.swift; path = SkinTonePicker.swift; sourceTree = "<group>"; };
		72B77D38959AA685774F7DDB /* Theme+LiquidLight.swift */ = {isa = PBXFileReference; lastKnownFileType = sourcecode.swift; path = "Theme+LiquidLight.swift"; sourceTree = "<group>"; };
		733674465CD135FB292C0FF9 /* SuggestionBar.swift */ = {isa = PBXFileReference; lastKnownFileType = sourcecode.swift; path = SuggestionBar.swift; sourceTree = "<group>"; };
		77B832DE3693AB61F6202524 /* NotepadManager.swift */ = {isa = PBXFileReference; lastKnownFileType = sourcecode.swift; path = NotepadManager.swift; sourceTree = "<group>"; };
		7949529FFC551E295B024531 /* SoundPickerView.swift */ = {isa = PBXFileReference; lastKnownFileType = sourcecode.swift; path = SoundPickerView.swift; sourceTree = "<group>"; };
		7C00D1D75534E13782BF5FFA /* Theme+Crimson.swift */ = {isa = PBXFileReference; lastKnownFileType = sourcecode.swift; path = "Theme+Crimson.swift"; sourceTree = "<group>"; };
		7F101CB1DD74A4CF9831A8D7 /* CalculatorSettingsView.swift */ = {isa = PBXFileReference; lastKnownFileType = sourcecode.swift; path = CalculatorSettingsView.swift; sourceTree = "<group>"; };
		8927D850C4365DFDC1FD2FDA /* Theme.swift */ = {isa = PBXFileReference; lastKnownFileType = sourcecode.swift; path = Theme.swift; sourceTree = "<group>"; };
		89603465B35CBE91068ED11D /* EmojiDeleteTile.swift */ = {isa = PBXFileReference; lastKnownFileType = sourcecode.swift; path = EmojiDeleteTile.swift; sourceTree = "<group>"; };
		89A61D8AEA35863190C24F72 /* ClipboardBar.swift */ = {isa = PBXFileReference; lastKnownFileType = sourcecode.swift; path = ClipboardBar.swift; sourceTree = "<group>"; };
		89C0E3B52628790F5260C89C /* Clink.app */ = {isa = PBXFileReference; includeInIndex = 0; lastKnownFileType = wrapper.application; path = Clink.app; sourceTree = BUILT_PRODUCTS_DIR; };
		8DCB0B8DCEAB3225DFD69154 /* ThemeTypes.swift */ = {isa = PBXFileReference; lastKnownFileType = sourcecode.swift; path = ThemeTypes.swift; sourceTree = "<group>"; };
		8EBBE1A59D34F9725BA5ED16 /* SuggestionEngine.swift */ = {isa = PBXFileReference; lastKnownFileType = sourcecode.swift; path = SuggestionEngine.swift; sourceTree = "<group>"; };
		8EEB32EB6E1B33701B50BBB7 /* Theme+Paper.swift */ = {isa = PBXFileReference; lastKnownFileType = sourcecode.swift; path = "Theme+Paper.swift"; sourceTree = "<group>"; };
		904EC1B1C1F79C503738CECD /* EmojiCanvas.swift */ = {isa = PBXFileReference; lastKnownFileType = sourcecode.swift; path = EmojiCanvas.swift; sourceTree = "<group>"; };
		91D10A388F860363D872978F /* KeyPopup.swift */ = {isa = PBXFileReference; lastKnownFileType = sourcecode.swift; path = KeyPopup.swift; sourceTree = "<group>"; };
		934C595C40C802CA8F66B9CC /* AdvancedSettingsView.swift */ = {isa = PBXFileReference; lastKnownFileType = sourcecode.swift; path = AdvancedSettingsView.swift; sourceTree = "<group>"; };
		948B52077B9A2F5C2149106D /* ThemeBackgroundStore.swift */ = {isa = PBXFileReference; lastKnownFileType = sourcecode.swift; path = ThemeBackgroundStore.swift; sourceTree = "<group>"; };
		98BCE8C72329C3AC84F83958 /* ActionPanelButton.swift */ = {isa = PBXFileReference; lastKnownFileType = sourcecode.swift; path = ActionPanelButton.swift; sourceTree = "<group>"; };
		98F8C91666F857CFD1FDF518 /* Theme+Royal.swift */ = {isa = PBXFileReference; lastKnownFileType = sourcecode.swift; path = "Theme+Royal.swift"; sourceTree = "<group>"; };
		996E57798F6EB6FD05B185E4 /* iUX-ios */ = {isa = PBXFileReference; lastKnownFileType = folder; name = "iUX-ios"; path = "../iUX-ios"; sourceTree = SOURCE_ROOT; };
		9993AF7E588543B2754CAB3E /* SoundPack.swift */ = {isa = PBXFileReference; lastKnownFileType = sourcecode.swift; path = SoundPack.swift; sourceTree = "<group>"; };
		9CC95A8FEBDFF602C7F928DF /* Theme+Lavender.swift */ = {isa = PBXFileReference; lastKnownFileType = sourcecode.swift; path = "Theme+Lavender.swift"; sourceTree = "<group>"; };
		9DEEBB3AA4655F8EF4C73357 /* LayoutView.swift */ = {isa = PBXFileReference; lastKnownFileType = sourcecode.swift; path = LayoutView.swift; sourceTree = "<group>"; };
		9E6C9F76214DB0198BEBDDD0 /* ClipboardPanel.swift */ = {isa = PBXFileReference; lastKnownFileType = sourcecode.swift; path = ClipboardPanel.swift; sourceTree = "<group>"; };
		A06533C1C5E7C51A9D0B3454 /* ClinkKeyboard.appex */ = {isa = PBXFileReference; includeInIndex = 0; lastKnownFileType = "wrapper.app-extension"; path = ClinkKeyboard.appex; sourceTree = BUILT_PRODUCTS_DIR; };
		AB390E73F039F0D0C8883754 /* Theme+Dobble.swift */ = {isa = PBXFileReference; lastKnownFileType = sourcecode.swift; path = "Theme+Dobble.swift"; sourceTree = "<group>"; };
		B023BF2E190A738B123F9CAB /* AutomationView.swift */ = {isa = PBXFileReference; lastKnownFileType = sourcecode.swift; path = AutomationView.swift; sourceTree = "<group>"; };
		B3351629B8BC302520770F0F /* NotepadView.swift */ = {isa = PBXFileReference; lastKnownFileType = sourcecode.swift; path = NotepadView.swift; sourceTree = "<group>"; };
		B558BC9C666527C188E5041E /* ClinkApp.swift */ = {isa = PBXFileReference; lastKnownFileType = sourcecode.swift; path = ClinkApp.swift; sourceTree = "<group>"; };
		B5FE9F8364688968E5539767 /* Theme+SolarizedDark.swift */ = {isa = PBXFileReference; lastKnownFileType = sourcecode.swift; path = "Theme+SolarizedDark.swift"; sourceTree = "<group>"; };
		B6F506DC457354A4B3A61F95 /* KeyGlyphLayer.swift */ = {isa = PBXFileReference; lastKnownFileType = sourcecode.swift; path = KeyGlyphLayer.swift; sourceTree = "<group>"; };
		BA1BB3D53C764134F2D95F2D /* Theme+LiquidEmber.swift */ = {isa = PBXFileReference; lastKnownFileType = sourcecode.swift; path = "Theme+LiquidEmber.swift"; sourceTree = "<group>"; };
		BA82BC99C7A359DF18B9CDDD /* RGBA.swift */ = {isa = PBXFileReference; lastKnownFileType = sourcecode.swift; path = RGBA.swift; sourceTree = "<group>"; };
		C06DCCF18B498BC70F7B483D /* CursorView.swift */ = {isa = PBXFileReference; lastKnownFileType = sourcecode.swift; path = CursorView.swift; sourceTree = "<group>"; };
		C1B46A3DAD23518E0D767C90 /* KeySpec.swift */ = {isa = PBXFileReference; lastKnownFileType = sourcecode.swift; path = KeySpec.swift; sourceTree = "<group>"; };
		C6959EF58425EE3D79388290 /* ThemePresets.swift */ = {isa = PBXFileReference; lastKnownFileType = sourcecode.swift; path = ThemePresets.swift; sourceTree = "<group>"; };
		CA6B04AC4156D93A230B1EBB /* PrivacyInfo.xcprivacy */ = {isa = PBXFileReference; path = PrivacyInfo.xcprivacy; sourceTree = "<group>"; };
		CAD96B2D63BE7BD3D16C2B4E /* Theme+Matrix.swift */ = {isa = PBXFileReference; lastKnownFileType = sourcecode.swift; path = "Theme+Matrix.swift"; sourceTree = "<group>"; };
		CB5C9FC74FBF874FC1AA5FB1 /* SoundsView.swift */ = {isa = PBXFileReference; lastKnownFileType = sourcecode.swift; path = SoundsView.swift; sourceTree = "<group>"; };
		D07CE5F41986DBEC496E6369 /* ThemeEditorView.swift */ = {isa = PBXFileReference; lastKnownFileType = sourcecode.swift; path = ThemeEditorView.swift; sourceTree = "<group>"; };
		D25BD3CF22EC6A03A6C3D603 /* Theme+Nord.swift */ = {isa = PBXFileReference; lastKnownFileType = sourcecode.swift; path = "Theme+Nord.swift"; sourceTree = "<group>"; };
		DA7F6AAD44FC404D7CF29385 /* Theme+Cinder.swift */ = {isa = PBXFileReference; lastKnownFileType = sourcecode.swift; path = "Theme+Cinder.swift"; sourceTree = "<group>"; };
		DD86C87065DBFAD706F52315 /* Theme+LiquidMint.swift */ = {isa = PBXFileReference; lastKnownFileType = sourcecode.swift; path = "Theme+LiquidMint.swift"; sourceTree = "<group>"; };
		E10C790FE1162939E62BDAA3 /* Theme+Ember.swift */ = {isa = PBXFileReference; lastKnownFileType = sourcecode.swift; path = "Theme+Ember.swift"; sourceTree = "<group>"; };
		E409F1A6F927F0EF03D8CC62 /* KeysView.swift */ = {isa = PBXFileReference; lastKnownFileType = sourcecode.swift; path = KeysView.swift; sourceTree = "<group>"; };
		E54202EF97E8C78A6B0BB189 /* HapticsView.swift */ = {isa = PBXFileReference; lastKnownFileType = sourcecode.swift; path = HapticsView.swift; sourceTree = "<group>"; };
		E59CD27F77EC36EDBC7AE8F0 /* SoundPlayer.swift */ = {isa = PBXFileReference; lastKnownFileType = sourcecode.swift; path = SoundPlayer.swift; sourceTree = "<group>"; };
		E6027B59C7DE78F22A746853 /* LocalizationView.swift */ = {isa = PBXFileReference; lastKnownFileType = sourcecode.swift; path = LocalizationView.swift; sourceTree = "<group>"; };
		E7F89D5510BE5ADAE9BC8ECF /* ShowcaseView.swift */ = {isa = PBXFileReference; lastKnownFileType = sourcecode.swift; path = ShowcaseView.swift; sourceTree = "<group>"; };
		E887A5C7AFA3E881307455F8 /* AppStage.swift */ = {isa = PBXFileReference; lastKnownFileType = sourcecode.swift; path = AppStage.swift; sourceTree = "<group>"; };
		E91E48B211B55CCF9D4AF918 /* TuningPresets.swift */ = {isa = PBXFileReference; lastKnownFileType = sourcecode.swift; path = TuningPresets.swift; sourceTree = "<group>"; };
		EBC5EC598346B9248D5345DE /* ClipboardEntry.swift */ = {isa = PBXFileReference; lastKnownFileType = sourcecode.swift; path = ClipboardEntry.swift; sourceTree = "<group>"; };
		EC3B49F00E2D47A5C831BFC1 /* EmojiTabTapSurface.swift */ = {isa = PBXFileReference; lastKnownFileType = sourcecode.swift; path = EmojiTabTapSurface.swift; sourceTree = "<group>"; };
		F56FBF088403DCE7E480B111 /* PanelSwitcherPanel.swift */ = {isa = PBXFileReference; lastKnownFileType = sourcecode.swift; path = PanelSwitcherPanel.swift; sourceTree = "<group>"; };
		FEC772F47B76E7DF377C293D /* ClipboardHistoryView.swift */ = {isa = PBXFileReference; lastKnownFileType = sourcecode.swift; path = ClipboardHistoryView.swift; sourceTree = "<group>"; };
		FF59E26E52134F6C6A4604F2 /* SharedStore.swift */ = {isa = PBXFileReference; lastKnownFileType = sourcecode.swift; path = SharedStore.swift; sourceTree = "<group>"; };
/* End PBXFileReference section */

/* Begin PBXFrameworksBuildPhase section */
		1A8EB11ACDCF0368FA4C0D83 /* Frameworks */ = {
			isa = PBXFrameworksBuildPhase;
			buildActionMask = 2147483647;
			files = (
				E90AFBB5D8A7267BCD721664 /* iUXiOS in Frameworks */,
			);
			runOnlyForDeploymentPostprocessing = 0;
		};
		D3E72D407DD9E78E3C9C4A53 /* Frameworks */ = {
			isa = PBXFrameworksBuildPhase;
			buildActionMask = 2147483647;
			files = (
				86F22F11C4BBCAA6C51B9F5B /* iUXiOS in Frameworks */,
			);
			runOnlyForDeploymentPostprocessing = 0;
		};
/* End PBXFrameworksBuildPhase section */

/* Begin PBXGroup section */
		108DFF3F102E65CBAFA10671 /* ClinkKeyboard */ = {
			isa = PBXGroup;
			children = (
				1E12DFC4B4EFFA4222046212 /* KeyboardViewController.swift */,
			);
			path = ClinkKeyboard;
			sourceTree = "<group>";
		};
		13905E336B58952F035FAC2E /* Sources */ = {
			isa = PBXGroup;
			children = (
				9D3F266B0A016DDD8C29D2BE /* Clink */,
				108DFF3F102E65CBAFA10671 /* ClinkKeyboard */,
				202B9603433555A44A538C68 /* ClinkKit */,
			);
			path = Sources;
			sourceTree = "<group>";
		};
		19D9C726BF5C420A5E1918A9 /* Products */ = {
			isa = PBXGroup;
			children = (
				89C0E3B52628790F5260C89C /* Clink.app */,
				A06533C1C5E7C51A9D0B3454 /* ClinkKeyboard.appex */,
			);
			name = Products;
			sourceTree = "<group>";
		};
		202B9603433555A44A538C68 /* ClinkKit */ = {
			isa = PBXGroup;
			children = (
				0509D85BEBDDF08DDC933F33 /* AccentMap.swift */,
				274FF636E4C3B8BECDFAEEF7 /* AccentPicker.swift */,
				98BCE8C72329C3AC84F83958 /* ActionPanelButton.swift */,
				2FFC2DFBCF6935D26D76CBFF /* AdaptiveHitbox.swift */,
				0761F936B8A6B937C0ECD46C /* CalculatorPanel.swift */,
				89A61D8AEA35863190C24F72 /* ClipboardBar.swift */,
				EBC5EC598346B9248D5345DE /* ClipboardEntry.swift */,
				6093923E8A1E6FB4377D8BB8 /* ClipboardManager.swift */,
				9E6C9F76214DB0198BEBDDD0 /* ClipboardPanel.swift */,
				61EF8CE63DD7E01CB6DCA676 /* EmojiBarTouchSurface.swift */,
				904EC1B1C1F79C503738CECD /* EmojiCanvas.swift */,
				2D744EEA3405072F1C9A6785 /* EmojiCell.swift */,
				148AA47AC2638AB397929AF1 /* EmojiData.generated.swift */,
				550DB37AF0E30A5A41C1A9AC /* EmojiData.swift */,
				89603465B35CBE91068ED11D /* EmojiDeleteTile.swift */,
				1C8FABA08CD27ABE8965A352 /* EmojiSkinTone.swift */,
				EC3B49F00E2D47A5C831BFC1 /* EmojiTabTapSurface.swift */,
				2DF12E5A3D107BD26DB173FD /* InputViewHeight.swift */,
				64B72EA3228E93B5AB824EE0 /* KeyboardCanvas.swift */,
				49DB80C42BDBBFBA3D7876A5 /* KeyboardController.swift */,
				2FD5841C760DB0FAB7CCE6CC /* KeyboardLayout.swift */,
				6677F5637BFA29F320E57C15 /* KeyboardLiveState.swift */,
				3084837B56B933D2E3846C3A /* KeyboardSettings.swift */,
				B6F506DC457354A4B3A61F95 /* KeyGlyphLayer.swift */,
				91D10A388F860363D872978F /* KeyPopup.swift */,
				C1B46A3DAD23518E0D767C90 /* KeySpec.swift */,
				1A748954CFFCF00AEA9A55DF /* KeyTouchRouter.swift */,
				13424011E93FB7103500DB64 /* KeyView.swift */,
				2AC337AC4FBF262FCDFD3A03 /* NotepadBar.swift */,
				2A6DFDCAA8AB77467EB6DB9A /* NotepadBrowsePanel.swift */,
				77B832DE3693AB61F6202524 /* NotepadManager.swift */,
				0160583BC8270DF57E31D4E4 /* NotepadNote.swift */,
				F56FBF088403DCE7E480B111 /* PanelSwitcherPanel.swift */,
				BA82BC99C7A359DF18B9CDDD /* RGBA.swift */,
				FF59E26E52134F6C6A4604F2 /* SharedStore.swift */,
				70622CD9069B9679F09AF4A4 /* SkinTonePicker.swift */,
				247100C266670E093E13EFC1 /* SmartPunctuation.swift */,
				9993AF7E588543B2754CAB3E /* SoundPack.swift */,
				E59CD27F77EC36EDBC7AE8F0 /* SoundPlayer.swift */,
				733674465CD135FB292C0FF9 /* SuggestionBar.swift */,
				8EBBE1A59D34F9725BA5ED16 /* SuggestionEngine.swift */,
				02324DFD322F43E2CD9AEA08 /* SwipeRow.swift */,
				8927D850C4365DFDC1FD2FDA /* Theme.swift */,
				5D24CE900607D42C32A1E6C6 /* Theme+Bubblegum.swift */,
				50FFFE172039C44D7B2D4E80 /* Theme+Carbon.swift */,
				DA7F6AAD44FC404D7CF29385 /* Theme+Cinder.swift */,
				6E0A0CF368901524810FC2ED /* Theme+Coral.swift */,
				7C00D1D75534E13782BF5FFA /* Theme+Crimson.swift */,
				AB390E73F039F0D0C8883754 /* Theme+Dobble.swift */,
				4F5560818524A3D75B31CF7C /* Theme+Dracula.swift */,
				E10C790FE1162939E62BDAA3 /* Theme+Ember.swift */,
				523F0B8535ED4C5D36CF9A23 /* Theme+Forest.swift */,
				0C2601A5B41BF718DD05CA39 /* Theme+Graphite.swift */,
				5512C30FD91A60E65459B1A7 /* Theme+Latte.swift */,
				9CC95A8FEBDFF602C7F928DF /* Theme+Lavender.swift */,
				0687E21636A382CE51307EED /* Theme+LiquidDark.swift */,
				BA1BB3D53C764134F2D95F2D /* Theme+LiquidEmber.swift */,
				72B77D38959AA685774F7DDB /* Theme+LiquidLight.swift */,
				DD86C87065DBFAD706F52315 /* Theme+LiquidMint.swift */,
				CAD96B2D63BE7BD3D16C2B4E /* Theme+Matrix.swift */,
				18E0F42F4CC343BA2793B08D /* Theme+Mechanical.swift */,
				4E513B9833103D8D833AB3D9 /* Theme+Midnight.swift */,
				59E4160C12539AD69EF22CA3 /* Theme+Mint.swift */,
				D25BD3CF22EC6A03A6C3D603 /* Theme+Nord.swift */,
				6AB771E75D52A5EC26A51EF5 /* Theme+Ocean.swift */,
				8EEB32EB6E1B33701B50BBB7 /* Theme+Paper.swift */,
				98F8C91666F857CFD1FDF518 /* Theme+Royal.swift */,
				0782ECAE008251748D18E1D1 /* Theme+Sakura.swift */,
				47B732123D36D8014D00EF75 /* Theme+Snobble.swift */,
				46BEEC5E0D5D67EB9F4C99EF /* Theme+Snow.swift */,
				B5FE9F8364688968E5539767 /* Theme+SolarizedDark.swift */,
				49FF9775427259E748BF57E4 /* Theme+SolarizedLight.swift */,
				4586002B16E5A1F18E6B3C31 /* Theme+Synthwave.swift */,
				948B52077B9A2F5C2149106D /* ThemeBackgroundStore.swift */,
				C6959EF58425EE3D79388290 /* ThemePresets.swift */,
				8DCB0B8DCEAB3225DFD69154 /* ThemeTypes.swift */,
				1C6E41338498DA588787103C /* TrackpadPanel.swift */,
			);
			path = ClinkKit;
			sourceTree = "<group>";
		};
		2D92AB38ADAD2B3E760C2872 = {
			isa = PBXGroup;
			children = (
				300C3267467B555F8289E223 /* Packages */,
				369099FB11D6E98E3C70465B /* Resources */,
				13905E336B58952F035FAC2E /* Sources */,
				19D9C726BF5C420A5E1918A9 /* Products */,
			);
			sourceTree = "<group>";
		};
		300C3267467B555F8289E223 /* Packages */ = {
			isa = PBXGroup;
			children = (
				996E57798F6EB6FD05B185E4 /* iUX-ios */,
			);
			name = Packages;
			sourceTree = "<group>";
		};
		369099FB11D6E98E3C70465B /* Resources */ = {
			isa = PBXGroup;
			children = (
				2F7F467DA96CBD7A7FA140AE /* Assets.xcassets */,
				A114E3B0246BA8A6078112AC /* Privacy */,
			);
			path = Resources;
			sourceTree = "<group>";
		};
		36D1514537C53528DA392160 /* App */ = {
			isa = PBXGroup;
			children = (
				6E9C7A15D827D03AE993837E /* PrivacyInfo.xcprivacy */,
			);
			path = App;
			sourceTree = "<group>";
		};
		9D3F266B0A016DDD8C29D2BE /* Clink */ = {
			isa = PBXGroup;
			children = (
				42B98FFA8432716147A36F0E /* AppModel.swift */,
				E887A5C7AFA3E881307455F8 /* AppStage.swift */,
				B558BC9C666527C188E5041E /* ClinkApp.swift */,
				C68EFFB03B2BF4A5F7331ACE /* UI */,
			);
			path = Clink;
			sourceTree = "<group>";
		};
		A114E3B0246BA8A6078112AC /* Privacy */ = {
			isa = PBXGroup;
			children = (
				36D1514537C53528DA392160 /* App */,
				F5730D221540CF3840AA2100 /* Keyboard */,
			);
			path = Privacy;
			sourceTree = "<group>";
		};
		C68EFFB03B2BF4A5F7331ACE /* UI */ = {
			isa = PBXGroup;
			children = (
				934C595C40C802CA8F66B9CC /* AdvancedSettingsView.swift */,
				0CA35E80AF975521E462AB2B /* AnimationView.swift */,
				B023BF2E190A738B123F9CAB /* AutomationView.swift */,
				4660055B8E24F96BEFC47475 /* BackupView.swift */,
				7F101CB1DD74A4CF9831A8D7 /* CalculatorSettingsView.swift */,
				FEC772F47B76E7DF377C293D /* ClipboardHistoryView.swift */,
				C06DCCF18B498BC70F7B483D /* CursorView.swift */,
				39FDB6FF761A1B9983D99D51 /* EmojiSettingsView.swift */,
				07CA903F575F647CCA010CD1 /* EnableFlowView.swift */,
				E54202EF97E8C78A6B0BB189 /* HapticsView.swift */,
				39336F1F36906A928233A48F /* HitboxView.swift */,
				6E1D6F6CAE551B982EAEA3F9 /* KeyboardPreview.swift */,
				E409F1A6F927F0EF03D8CC62 /* KeysView.swift */,
				4AAF4700023DDC86E7C9062B /* LayoutPickerView.swift */,
				9DEEBB3AA4655F8EF4C73357 /* LayoutView.swift */,
				E6027B59C7DE78F22A746853 /* LocalizationView.swift */,
				4A6C36E725FD0C97028F25F5 /* LogoMark.swift */,
				B3351629B8BC302520770F0F /* NotepadView.swift */,
				0BAFE2A3EE0CAFE4F4E44E11 /* OverlaysView.swift */,
				313DD89FF2119DDFF4996979 /* PopupsView.swift */,
				533CC42392A2CF228BDDA184 /* ResponseView.swift */,
				5181D0B09674CE8789540CEA /* RootView.swift */,
				E7F89D5510BE5ADAE9BC8ECF /* ShowcaseView.swift */,
				7949529FFC551E295B024531 /* SoundPickerView.swift */,
				CB5C9FC74FBF874FC1AA5FB1 /* SoundsView.swift */,
				5C04D6AA199C403FCC06DCF8 /* StagedHeroView.swift */,
				20464616D5B71AF83D8F3340 /* SuggestionsView.swift */,
				473E6FADCC90F3A24F2711AC /* ThemeBuilderView.swift */,
				D07CE5F41986DBEC496E6369 /* ThemeEditorView.swift */,
				E91E48B211B55CCF9D4AF918 /* TuningPresets.swift */,
				5462C6538A73BD8117516CB5 /* TypingView.swift */,
			);
			path = UI;
			sourceTree = "<group>";
		};
		F5730D221540CF3840AA2100 /* Keyboard */ = {
			isa = PBXGroup;
			children = (
				CA6B04AC4156D93A230B1EBB /* PrivacyInfo.xcprivacy */,
			);
			path = Keyboard;
			sourceTree = "<group>";
		};
/* End PBXGroup section */

/* Begin PBXNativeTarget section */
		04A96E32833CFE8EFAFC32B9 /* ClinkKeyboard */ = {
			isa = PBXNativeTarget;
			buildConfigurationList = 1E85D0156633A7DDA2264410 /* Build configuration list for PBXNativeTarget "ClinkKeyboard" */;
			buildPhases = (
				A5DD0214227BD55B5F43E5A0 /* Sources */,
				9EE6CB2400F4925885052269 /* Resources */,
				D3E72D407DD9E78E3C9C4A53 /* Frameworks */,
			);
			buildRules = (
			);
			dependencies = (
			);
			name = ClinkKeyboard;
			packageProductDependencies = (
				0FE274416A9E7BA62E04D778 /* iUXiOS */,
			);
			productName = ClinkKeyboard;
			productReference = A06533C1C5E7C51A9D0B3454 /* ClinkKeyboard.appex */;
			productType = "com.apple.product-type.app-extension";
		};
		328C783837C9DBCCE90227EF /* Clink */ = {
			isa = PBXNativeTarget;
			buildConfigurationList = A0593A3B6AE8E4A388D8444F /* Build configuration list for PBXNativeTarget "Clink" */;
			buildPhases = (
				46DDA56A38D731806ED8554F /* Sources */,
				1590E2CF3B1F90311868C8F0 /* Resources */,
				1A8EB11ACDCF0368FA4C0D83 /* Frameworks */,
				852472430F97C9732558D1BE /* Embed Foundation Extensions */,
			);
			buildRules = (
			);
			dependencies = (
				932A92AC8974E9269FA85259 /* PBXTargetDependency */,
			);
			name = Clink;
			packageProductDependencies = (
				3FC50AE872783BD6CBFC8F4F /* iUXiOS */,
			);
			productName = Clink;
			productReference = 89C0E3B52628790F5260C89C /* Clink.app */;
			productType = "com.apple.product-type.application";
		};
/* End PBXNativeTarget section */

/* Begin PBXProject section */
		35297B76EB67D3CEB149DBF5 /* Project object */ = {
			isa = PBXProject;
			attributes = {
				BuildIndependentTargetsInParallel = YES;
				LastUpgradeCheck = 1430;
				TargetAttributes = {
					04A96E32833CFE8EFAFC32B9 = {
						DevelopmentTeam = 8248296AJX;
						ProvisioningStyle = Automatic;
					};
					328C783837C9DBCCE90227EF = {
						DevelopmentTeam = 8248296AJX;
						ProvisioningStyle = Automatic;
					};
				};
			};
			buildConfigurationList = 360D9FE8F466B6A88C16E452 /* Build configuration list for PBXProject "Clink" */;
			developmentRegion = en;
			hasScannedForEncodings = 0;
			knownRegions = (
				Base,
				en,
			);
			mainGroup = 2D92AB38ADAD2B3E760C2872;
			minimizedProjectReferenceProxies = 1;
			packageReferences = (
				15859E21FC14156FB7F4B4AE /* XCLocalSwiftPackageReference "../iUX-ios" */,
			);
			preferredProjectObjectVersion = 77;
			productRefGroup = 19D9C726BF5C420A5E1918A9 /* Products */;
			projectDirPath = "";
			projectRoot = "";
			targets = (
				328C783837C9DBCCE90227EF /* Clink */,
				04A96E32833CFE8EFAFC32B9 /* ClinkKeyboard */,
			);
		};
/* End PBXProject section */

/* Begin PBXResourcesBuildPhase section */
		1590E2CF3B1F90311868C8F0 /* Resources */ = {
			isa = PBXResourcesBuildPhase;
			buildActionMask = 2147483647;
			files = (
				819662BE3E7814C19F18A12E /* Assets.xcassets in Resources */,
				0BFA467574BE7B9D7C2F9A41 /* PrivacyInfo.xcprivacy in Resources */,
			);
			runOnlyForDeploymentPostprocessing = 0;
		};
		9EE6CB2400F4925885052269 /* Resources */ = {
			isa = PBXResourcesBuildPhase;
			buildActionMask = 2147483647;
			files = (
				68627A6C8F349503A1764BC9 /* PrivacyInfo.xcprivacy in Resources */,
			);
			runOnlyForDeploymentPostprocessing = 0;
		};
/* End PBXResourcesBuildPhase section */

/* Begin PBXSourcesBuildPhase section */
		46DDA56A38D731806ED8554F /* Sources */ = {
			isa = PBXSourcesBuildPhase;
			buildActionMask = 2147483647;
			files = (
				C91926CA39628C7046A2312D /* AccentMap.swift in Sources */,
				400F96F307203CBA896E8AAE /* AccentPicker.swift in Sources */,
				F4275FAC9199499C724ED331 /* ActionPanelButton.swift in Sources */,
				900F8AE00F7628457A93AEAF /* AdaptiveHitbox.swift in Sources */,
				B7AEFB5857D45F9FCF5A5F3D /* AdvancedSettingsView.swift in Sources */,
				1624192ED34B1A906DA4817F /* AnimationView.swift in Sources */,
				7700D18C30068362D47F3DDF /* AppModel.swift in Sources */,
				556A45C2449169ACA72D6B1F /* AppStage.swift in Sources */,
				E972CCF25B6CFD941196E8B1 /* AutomationView.swift in Sources */,
				FBDF432C0811C0D4E99CAF8A /* BackupView.swift in Sources */,
				6729689C255FF2648C9B8FC6 /* CalculatorPanel.swift in Sources */,
				7EA392CE09942EDB298E76AE /* CalculatorSettingsView.swift in Sources */,
				3B4276B1682008D117A56528 /* ClinkApp.swift in Sources */,
				EF7A071FFCD5BE0BF91C6E6F /* ClipboardBar.swift in Sources */,
				D8BFB7EBFEF96FC8CA3B08BB /* ClipboardEntry.swift in Sources */,
				DF275470B09C2ADC1CF62EF7 /* ClipboardHistoryView.swift in Sources */,
				A1A40D5E05D2239F373953BF /* ClipboardManager.swift in Sources */,
				CC3125221D457BB07CC2F8EF /* ClipboardPanel.swift in Sources */,
				87F2C576325BB48774148334 /* CursorView.swift in Sources */,
				0E758101066BCC17314B335A /* EmojiBarTouchSurface.swift in Sources */,
				DB84BAB4CDE3273780537F18 /* EmojiCanvas.swift in Sources */,
				8CABFCEA41FACF26030F3562 /* EmojiCell.swift in Sources */,
				528F2D31362D9EE6A8B84E04 /* EmojiData.generated.swift in Sources */,
				81FAF62E6679165478D16824 /* EmojiData.swift in Sources */,
				B2B3412A14EFBD0845456778 /* EmojiDeleteTile.swift in Sources */,
				526C76DC55ADCFC1CC1DA852 /* EmojiSettingsView.swift in Sources */,
				E42BC9182B558D0C62C887A0 /* EmojiSkinTone.swift in Sources */,
				7DB4DC980B7D7DA73FE4C055 /* EmojiTabTapSurface.swift in Sources */,
				617021EF084EA3192ABE5872 /* EnableFlowView.swift in Sources */,
				32E29F1DCC570DCC25D69ED7 /* HapticsView.swift in Sources */,
				7C00707B35BE68B76E79C2D3 /* HitboxView.swift in Sources */,
				9A449AEE3DC0530EA281DB64 /* InputViewHeight.swift in Sources */,
				ED634FC67C89A063D8376FEC /* KeyGlyphLayer.swift in Sources */,
				7E57D1D2DB3886AB66C203F1 /* KeyPopup.swift in Sources */,
				93E2C093B23B3F16535C9840 /* KeySpec.swift in Sources */,
				9AB592CBAD274F35B8EA2CA8 /* KeyTouchRouter.swift in Sources */,
				3E8A4482DEADE38D531CC637 /* KeyView.swift in Sources */,
				B6B4F51D8B37609FAB195703 /* KeyboardCanvas.swift in Sources */,
				F5647E8390A6C317B97D9CDC /* KeyboardController.swift in Sources */,
				3D1C3196B45C36F4368D0066 /* KeyboardLayout.swift in Sources */,
				14502B319F31C07584BE0863 /* KeyboardLiveState.swift in Sources */,
				4C39743E419C219D53FB2233 /* KeyboardPreview.swift in Sources */,
				7E2D1B0A95A6A747FA6BCD50 /* KeyboardSettings.swift in Sources */,
				DE39DFC3C91301364011332B /* KeysView.swift in Sources */,
				6A8DFD98B768C4B591019692 /* LayoutPickerView.swift in Sources */,
				F57C18E6F3262F2C3168B3BB /* LayoutView.swift in Sources */,
				E8783FD3CF1CC586286AE5CA /* LocalizationView.swift in Sources */,
				AB406C8A0934B924102076E4 /* LogoMark.swift in Sources */,
				79E38F01C4729B42FB644133 /* NotepadBar.swift in Sources */,
				4A4C158EED59D9586744EB68 /* NotepadBrowsePanel.swift in Sources */,
				D96D477DF59015E02D971CB7 /* NotepadManager.swift in Sources */,
				60F8FF84CD76E7334D3FE3F9 /* NotepadNote.swift in Sources */,
				28E95081DC7A6860561C8FC5 /* NotepadView.swift in Sources */,
				8DEFA224BE4F09F5673289E9 /* OverlaysView.swift in Sources */,
				A058B107ECEDBBA0DC84CE28 /* PanelSwitcherPanel.swift in Sources */,
				D9FC557C711D3D686A906B22 /* PopupsView.swift in Sources */,
				59BA1AB5BB285F1D73A04CFF /* RGBA.swift in Sources */,
				1E3B3CB33F53763C9A5B4A9B /* ResponseView.swift in Sources */,
				C576639078F73C5EF212D064 /* RootView.swift in Sources */,
				EFB3F1685FF60E49ADF4DD07 /* SharedStore.swift in Sources */,
				5EBF224AC395DD0579186B2D /* ShowcaseView.swift in Sources */,
				B38A6D011F2D2D6EE6174125 /* SkinTonePicker.swift in Sources */,
				1007569A1A30A8C62D13AC9A /* SmartPunctuation.swift in Sources */,
				A02430FCE33EDD5CEDFD516C /* SoundPack.swift in Sources */,
				25674E38D35421FBD754EEB9 /* SoundPickerView.swift in Sources */,
				4BE2AF2874E1B00158143714 /* SoundPlayer.swift in Sources */,
				26BC73D67C4501CA4E3246D2 /* SoundsView.swift in Sources */,
				F8F7ED0153158B632C2232AD /* StagedHeroView.swift in Sources */,
				19F570798E632E414DD41A8F /* SuggestionBar.swift in Sources */,
				CEC0CEE762D47D9E688A6EF4 /* SuggestionEngine.swift in Sources */,
				C59299C5E20E2AC1B22BB372 /* SuggestionsView.swift in Sources */,
				AB58C4E13C3624393D1DBB74 /* SwipeRow.swift in Sources */,
				B73F0240AA82BC2F30FCB75C /* Theme+Bubblegum.swift in Sources */,
				4EF90BFEBDA0E1AD70BB7E27 /* Theme+Carbon.swift in Sources */,
				05DBC663D567D4F95270E3C0 /* Theme+Cinder.swift in Sources */,
				61F74C1EB6F152E298CA7E72 /* Theme+Coral.swift in Sources */,
				BCF68F820E2230EC03B2383E /* Theme+Crimson.swift in Sources */,
				222850E0E17BEC4AAAB0B4C3 /* Theme+Dobble.swift in Sources */,
				146C6AF51CF20E45B3CD26C3 /* Theme+Dracula.swift in Sources */,
				6385BAE51DB5635D90DAA773 /* Theme+Ember.swift in Sources */,
				3C61C942090109DE70BE1251 /* Theme+Forest.swift in Sources */,
				F5255F5E625BE71B2C96A781 /* Theme+Graphite.swift in Sources */,
				62D806635952179BB0B76023 /* Theme+Latte.swift in Sources */,
				B532614642A9CE9B54BC7C0B /* Theme+Lavender.swift in Sources */,
				C44779B75A2874B4E3C59223 /* Theme+LiquidDark.swift in Sources */,
				6217A5434DA4FFA4993A3338 /* Theme+LiquidEmber.swift in Sources */,
				F2A0D195A3E3771239316062 /* Theme+LiquidLight.swift in Sources */,
				D4F80BCB1F91A2F9F0A0ADF0 /* Theme+LiquidMint.swift in Sources */,
				B24BFC543F7D68F64D11339A /* Theme+Matrix.swift in Sources */,
				4248B9414AEB9A40A502BE34 /* Theme+Mechanical.swift in Sources */,
				6E3566A0246693563CBA9900 /* Theme+Midnight.swift in Sources */,
				08128861323E4A9087428F15 /* Theme+Mint.swift in Sources */,
				6C395DB949B5F8CFE8176570 /* Theme+Nord.swift in Sources */,
				F4E1C872CA1F9EF6D87A4DE3 /* Theme+Ocean.swift in Sources */,
				73D756CD03CB7CAFB9C0036F /* Theme+Paper.swift in Sources */,
				26ED11A56D1A3533CE69847D /* Theme+Royal.swift in Sources */,
				6FA635783FB4FB984DBA0E87 /* Theme+Sakura.swift in Sources */,
				19A5FFD9B7EECD9C7EECAF84 /* Theme+Snobble.swift in Sources */,
				81EA4F5DAFFA0E8D7EED7321 /* Theme+Snow.swift in Sources */,
				626C5032BBAFA45C85C4239D /* Theme+SolarizedDark.swift in Sources */,
				01FFD45F40542992ACB31651 /* Theme+SolarizedLight.swift in Sources */,
				E685920684FE7F80A95C15E0 /* Theme+Synthwave.swift in Sources */,
				F2727DE1FAB6DFC5786B8A0E /* Theme.swift in Sources */,
				403E200B7252F48793C0C358 /* ThemeBackgroundStore.swift in Sources */,
				C0F38A72B69F1619B74EC5A0 /* ThemeBuilderView.swift in Sources */,
				830D2A27F7DA7295AD15C0C5 /* ThemeEditorView.swift in Sources */,
				6D0A167660A88C78F0A51A7C /* ThemePresets.swift in Sources */,
				853C4D4E5C0D7DC51002BE7F /* ThemeTypes.swift in Sources */,
				24A8813A458D296CD6EC7A29 /* TrackpadPanel.swift in Sources */,
				DE8CCE9B5012754C8A6C7877 /* TuningPresets.swift in Sources */,
				2D1FB5E1FF7C14C2198C873F /* TypingView.swift in Sources */,
			);
			runOnlyForDeploymentPostprocessing = 0;
		};
		A5DD0214227BD55B5F43E5A0 /* Sources */ = {
			isa = PBXSourcesBuildPhase;
			buildActionMask = 2147483647;
			files = (
				3B2696F741ECD17980F1EBB5 /* AccentMap.swift in Sources */,
				CF528B2A7C7FE3AD2720EF7A /* AccentPicker.swift in Sources */,
				8F6E5D4864A174BC64B937FE /* ActionPanelButton.swift in Sources */,
				CD4319332C0957A136353784 /* AdaptiveHitbox.swift in Sources */,
				D66A676C0FE8F0ACEA76ECF3 /* CalculatorPanel.swift in Sources */,
				BF04F250EE72481C7443F0A8 /* ClipboardBar.swift in Sources */,
				B8066F654F10A0036D338B9D /* ClipboardEntry.swift in Sources */,
				0E81EA4B12221DB1ED94AE9B /* ClipboardManager.swift in Sources */,
				36AA177AC13820058DB11221 /* ClipboardPanel.swift in Sources */,
				A6A9F6C0AAC050358C86254C /* EmojiBarTouchSurface.swift in Sources */,
				A1FCC654C7BF323839575EB7 /* EmojiCanvas.swift in Sources */,
				B4D66C6F23137F6EF5B40B27 /* EmojiCell.swift in Sources */,
				93C7B724742F3EBF59F3C840 /* EmojiData.generated.swift in Sources */,
				96E8E4C6C67E8FF738391AEC /* EmojiData.swift in Sources */,
				945857F43FAD5D6EEC2ADCBE /* EmojiDeleteTile.swift in Sources */,
				B71BF31701F8EBA454EA8769 /* EmojiSkinTone.swift in Sources */,
				75F56A30FED1805869AE7E73 /* EmojiTabTapSurface.swift in Sources */,
				7B0084EDE7EC383024A52CD8 /* InputViewHeight.swift in Sources */,
				3EA874741C3C17EF2CEE8D40 /* KeyGlyphLayer.swift in Sources */,
				C8790542F376C5363EDBBED4 /* KeyPopup.swift in Sources */,
				F03A4645D75B0FC6BF66CC0F /* KeySpec.swift in Sources */,
				6BCACE64387F0B4208941CF6 /* KeyTouchRouter.swift in Sources */,
				29DEBD3A6D81B575CC28D279 /* KeyView.swift in Sources */,
				F722F207AB108110ABD7E63C /* KeyboardCanvas.swift in Sources */,
				019582295070CFC2147CCDD1 /* KeyboardController.swift in Sources */,
				5B464F04381F8B7B0EC397B9 /* KeyboardLayout.swift in Sources */,
				4ADC6C1280C2EFD33E91FE04 /* KeyboardLiveState.swift in Sources */,
				F11DDFA538F1D32FA57E8BA1 /* KeyboardSettings.swift in Sources */,
				EF3C529E5FF3BBB3E2CECD0A /* KeyboardViewController.swift in Sources */,
				26D0E059A96A1B87CF9AE0A6 /* NotepadBar.swift in Sources */,
				861997865E1684F0E4DA47C1 /* NotepadBrowsePanel.swift in Sources */,
				497AAD62F94C2913BD45CA6A /* NotepadManager.swift in Sources */,
				794E83C6983B78DF30043554 /* NotepadNote.swift in Sources */,
				3153F6606DC4308EF5C4B667 /* PanelSwitcherPanel.swift in Sources */,
				0DF15917C08B02E1B79741BD /* RGBA.swift in Sources */,
				11AEEB1D7DDDB7164EC009A0 /* SharedStore.swift in Sources */,
				A219D370D9C7C0861A1D1C15 /* SkinTonePicker.swift in Sources */,
				6458D8B669F1B46F9599AC7B /* SmartPunctuation.swift in Sources */,
				FAB3053C826EFF1325A39E0B /* SoundPack.swift in Sources */,
				30B323B0F36FED3B16754F0B /* SoundPlayer.swift in Sources */,
				339C0C2F81219637976C8449 /* SuggestionBar.swift in Sources */,
				5EA493BD6E3F05E3F7D12CCD /* SuggestionEngine.swift in Sources */,
				B45E135416622CEBA9D57215 /* SwipeRow.swift in Sources */,
				ED25A00327EED054A0E79CBC /* Theme+Bubblegum.swift in Sources */,
				E7CEE5A0D037AF8CB8676B88 /* Theme+Carbon.swift in Sources */,
				0215177F681467F4359FCA02 /* Theme+Cinder.swift in Sources */,
				F5683D66092BCBAFF19F3A12 /* Theme+Coral.swift in Sources */,
				2AE7B4CA0B889018A3961762 /* Theme+Crimson.swift in Sources */,
				D18539C5626B4195AA5B31E5 /* Theme+Dobble.swift in Sources */,
				262AF70707B4A43BE17C9269 /* Theme+Dracula.swift in Sources */,
				FA4070EE76BA8E68DD4F0341 /* Theme+Ember.swift in Sources */,
				B1F0421E17712A6978E9E262 /* Theme+Forest.swift in Sources */,
				6169A30448911C9465BC2C4C /* Theme+Graphite.swift in Sources */,
				E744EE837F24A73392932FBE /* Theme+Latte.swift in Sources */,
				246637A4A2D098C666F37469 /* Theme+Lavender.swift in Sources */,
				D25B8D2C2444B5A19BA80F80 /* Theme+LiquidDark.swift in Sources */,
				8822C1881974514DBEA2E98E /* Theme+LiquidEmber.swift in Sources */,
				754DB047E0FF88C281BAE70B /* Theme+LiquidLight.swift in Sources */,
				42128C7A05050080706083FF /* Theme+LiquidMint.swift in Sources */,
				73079549D701468C283EF9FF /* Theme+Matrix.swift in Sources */,
				E8FCEB6A74C21FA687FB8687 /* Theme+Mechanical.swift in Sources */,
				1AA0ADB52B9F181050148248 /* Theme+Midnight.swift in Sources */,
				E494A7E467A3B03D8D75461C /* Theme+Mint.swift in Sources */,
				EB4F862D23D1A7104C00B19D /* Theme+Nord.swift in Sources */,
				993EFDE9D25B3CCA0B9FEE70 /* Theme+Ocean.swift in Sources */,
				ABB5947EF710CBCEF688E5F4 /* Theme+Paper.swift in Sources */,
				716494EE6D11F310FAF5ED15 /* Theme+Royal.swift in Sources */,
				6B529A54484E78DA1CB76B70 /* Theme+Sakura.swift in Sources */,
				ABF159FD760D8E15C80CE747 /* Theme+Snobble.swift in Sources */,
				0FEBA1F3F11DFE520782BC84 /* Theme+Snow.swift in Sources */,
				6AC11BBA73FE855F3968E0FB /* Theme+SolarizedDark.swift in Sources */,
				C1EA521550098D0D1E27D2B4 /* Theme+SolarizedLight.swift in Sources */,
				B5BDBDBEE7D209C8504D873F /* Theme+Synthwave.swift in Sources */,
				3B3347D1B0054A15BBA38250 /* Theme.swift in Sources */,
				42D1C7EC2F36010E211F6E7B /* ThemeBackgroundStore.swift in Sources */,
				6F4E4D37810033D3B2D5538E /* ThemePresets.swift in Sources */,
				ACE717FC6BBE9A5EA7B2B60B /* ThemeTypes.swift in Sources */,
				79E4BCF7EB1DF9FE3752DF64 /* TrackpadPanel.swift in Sources */,
			);
			runOnlyForDeploymentPostprocessing = 0;
		};
/* End PBXSourcesBuildPhase section */

/* Begin PBXTargetDependency section */
		932A92AC8974E9269FA85259 /* PBXTargetDependency */ = {
			isa = PBXTargetDependency;
			target = 04A96E32833CFE8EFAFC32B9 /* ClinkKeyboard */;
			targetProxy = 7080A74211B9EFB8ADB563BE /* PBXContainerItemProxy */;
		};
/* End PBXTargetDependency section */

/* Begin XCBuildConfiguration section */
		1B4100C0B4668B5E2349ADBC /* Debug */ = {
			isa = XCBuildConfiguration;
			buildSettings = {
				ALWAYS_SEARCH_USER_PATHS = NO;
				CLANG_ANALYZER_NONNULL = YES;
				CLANG_ANALYZER_NUMBER_OBJECT_CONVERSION = YES_AGGRESSIVE;
				CLANG_CXX_LANGUAGE_STANDARD = "gnu++14";
				CLANG_CXX_LIBRARY = "libc++";
				CLANG_ENABLE_MODULES = YES;
				CLANG_ENABLE_OBJC_ARC = YES;
				CLANG_ENABLE_OBJC_WEAK = YES;
				CLANG_WARN_BLOCK_CAPTURE_AUTORELEASING = YES;
				CLANG_WARN_BOOL_CONVERSION = YES;
				CLANG_WARN_COMMA = YES;
				CLANG_WARN_CONSTANT_CONVERSION = YES;
				CLANG_WARN_DEPRECATED_OBJC_IMPLEMENTATIONS = YES;
				CLANG_WARN_DIRECT_OBJC_ISA_USAGE = YES_ERROR;
				CLANG_WARN_DOCUMENTATION_COMMENTS = YES;
				CLANG_WARN_EMPTY_BODY = YES;
				CLANG_WARN_ENUM_CONVERSION = YES;
				CLANG_WARN_INFINITE_RECURSION = YES;
				CLANG_WARN_INT_CONVERSION = YES;
				CLANG_WARN_NON_LITERAL_NULL_CONVERSION = YES;
				CLANG_WARN_OBJC_IMPLICIT_RETAIN_SELF = YES;
				CLANG_WARN_OBJC_LITERAL_CONVERSION = YES;
				CLANG_WARN_OBJC_ROOT_CLASS = YES_ERROR;
				CLANG_WARN_QUOTED_INCLUDE_IN_FRAMEWORK_HEADER = YES;
				CLANG_WARN_RANGE_LOOP_ANALYSIS = YES;
				CLANG_WARN_STRICT_PROTOTYPES = YES;
				CLANG_WARN_SUSPICIOUS_MOVE = YES;
				CLANG_WARN_UNGUARDED_AVAILABILITY = YES_AGGRESSIVE;
				CLANG_WARN_UNREACHABLE_CODE = YES;
				CLANG_WARN__DUPLICATE_METHOD_MATCH = YES;
				CODE_SIGN_STYLE = Automatic;
				COPY_PHASE_STRIP = NO;
				DEBUG_INFORMATION_FORMAT = dwarf;
				DEVELOPMENT_TEAM = 8248296AJX;
				ENABLE_STRICT_OBJC_MSGSEND = YES;
				ENABLE_TESTABILITY = YES;
				ENABLE_USER_SCRIPT_SANDBOXING = NO;
				GCC_C_LANGUAGE_STANDARD = gnu11;
				GCC_DYNAMIC_NO_PIC = NO;
				GCC_NO_COMMON_BLOCKS = YES;
				GCC_OPTIMIZATION_LEVEL = 0;
				GCC_PREPROCESSOR_DEFINITIONS = (
					"$(inherited)",
					"DEBUG=1",
				);
				GCC_WARN_64_TO_32_BIT_CONVERSION = YES;
				GCC_WARN_ABOUT_RETURN_TYPE = YES_ERROR;
				GCC_WARN_UNDECLARED_SELECTOR = YES;
				GCC_WARN_UNINITIALIZED_AUTOS = YES_AGGRESSIVE;
				GCC_WARN_UNUSED_FUNCTION = YES;
				GCC_WARN_UNUSED_VARIABLE = YES;
				IPHONEOS_DEPLOYMENT_TARGET = 17.0;
				MTL_ENABLE_DEBUG_INFO = INCLUDE_SOURCE;
				MTL_FAST_MATH = YES;
				ONLY_ACTIVE_ARCH = YES;
				PRODUCT_NAME = "$(TARGET_NAME)";
				SDKROOT = iphoneos;
				SWIFT_ACTIVE_COMPILATION_CONDITIONS = DEBUG;
				SWIFT_OPTIMIZATION_LEVEL = "-Onone";
				SWIFT_STRICT_CONCURRENCY = complete;
				SWIFT_VERSION = 6.0;
			};
			name = Debug;
		};
		39EA8E65EC74E6791C51AB39 /* Debug */ = {
			isa = XCBuildConfiguration;
			buildSettings = {
				ASSETCATALOG_COMPILER_APPICON_NAME = AppIcon;
				CODE_SIGN_ENTITLEMENTS = Resources/Clink.entitlements;
				CODE_SIGN_IDENTITY = "iPhone Developer";
				INFOPLIST_FILE = "Resources/Clink-Info.plist";
				LD_RUNPATH_SEARCH_PATHS = (
					"$(inherited)",
					"@executable_path/Frameworks",
				);
				PRODUCT_BUNDLE_IDENTIFIER = ltd.anti.clink;
				SDKROOT = iphoneos;
				TARGETED_DEVICE_FAMILY = "1,2";
			};
			name = Debug;
		};
		B23B851212543D70DD78779D /* Release */ = {
			isa = XCBuildConfiguration;
			buildSettings = {
				CODE_SIGN_ENTITLEMENTS = Resources/ClinkKeyboard.entitlements;
				INFOPLIST_FILE = "Resources/ClinkKeyboard-Info.plist";
				LD_RUNPATH_SEARCH_PATHS = (
					"$(inherited)",
					"@executable_path/Frameworks",
					"@executable_path/../../Frameworks",
				);
				PRODUCT_BUNDLE_IDENTIFIER = ltd.anti.clink.keyboard;
				SDKROOT = iphoneos;
				TARGETED_DEVICE_FAMILY = "1,2";
			};
			name = Release;
		};
		D8C03BD68CB6052E243F23CC /* Debug */ = {
			isa = XCBuildConfiguration;
			buildSettings = {
				CODE_SIGN_ENTITLEMENTS = Resources/ClinkKeyboard.entitlements;
				INFOPLIST_FILE = "Resources/ClinkKeyboard-Info.plist";
				LD_RUNPATH_SEARCH_PATHS = (
					"$(inherited)",
					"@executable_path/Frameworks",
					"@executable_path/../../Frameworks",
				);
				PRODUCT_BUNDLE_IDENTIFIER = ltd.anti.clink.keyboard;
				SDKROOT = iphoneos;
				TARGETED_DEVICE_FAMILY = "1,2";
			};
			name = Debug;
		};
		E3A343CDFE9F5CAEE0C3CAD4 /* Release */ = {
			isa = XCBuildConfiguration;
			buildSettings = {
				ASSETCATALOG_COMPILER_APPICON_NAME = AppIcon;
				CODE_SIGN_ENTITLEMENTS = Resources/Clink.entitlements;
				CODE_SIGN_IDENTITY = "iPhone Developer";
				INFOPLIST_FILE = "Resources/Clink-Info.plist";
				LD_RUNPATH_SEARCH_PATHS = (
					"$(inherited)",
					"@executable_path/Frameworks",
				);
				PRODUCT_BUNDLE_IDENTIFIER = ltd.anti.clink;
				SDKROOT = iphoneos;
				TARGETED_DEVICE_FAMILY = "1,2";
			};
			name = Release;
		};
		EC76A8E2ECDE8249443F1896 /* Release */ = {
			isa = XCBuildConfiguration;
			buildSettings = {
				ALWAYS_SEARCH_USER_PATHS = NO;
				CLANG_ANALYZER_NONNULL = YES;
				CLANG_ANALYZER_NUMBER_OBJECT_CONVERSION = YES_AGGRESSIVE;
				CLANG_CXX_LANGUAGE_STANDARD = "gnu++14";
				CLANG_CXX_LIBRARY = "libc++";
				CLANG_ENABLE_MODULES = YES;
				CLANG_ENABLE_OBJC_ARC = YES;
				CLANG_ENABLE_OBJC_WEAK = YES;
				CLANG_WARN_BLOCK_CAPTURE_AUTORELEASING = YES;
				CLANG_WARN_BOOL_CONVERSION = YES;
				CLANG_WARN_COMMA = YES;
				CLANG_WARN_CONSTANT_CONVERSION = YES;
				CLANG_WARN_DEPRECATED_OBJC_IMPLEMENTATIONS = YES;
				CLANG_WARN_DIRECT_OBJC_ISA_USAGE = YES_ERROR;
				CLANG_WARN_DOCUMENTATION_COMMENTS = YES;
				CLANG_WARN_EMPTY_BODY = YES;
				CLANG_WARN_ENUM_CONVERSION = YES;
				CLANG_WARN_INFINITE_RECURSION = YES;
				CLANG_WARN_INT_CONVERSION = YES;
				CLANG_WARN_NON_LITERAL_NULL_CONVERSION = YES;
				CLANG_WARN_OBJC_IMPLICIT_RETAIN_SELF = YES;
				CLANG_WARN_OBJC_LITERAL_CONVERSION = YES;
				CLANG_WARN_OBJC_ROOT_CLASS = YES_ERROR;
				CLANG_WARN_QUOTED_INCLUDE_IN_FRAMEWORK_HEADER = YES;
				CLANG_WARN_RANGE_LOOP_ANALYSIS = YES;
				CLANG_WARN_STRICT_PROTOTYPES = YES;
				CLANG_WARN_SUSPICIOUS_MOVE = YES;
				CLANG_WARN_UNGUARDED_AVAILABILITY = YES_AGGRESSIVE;
				CLANG_WARN_UNREACHABLE_CODE = YES;
				CLANG_WARN__DUPLICATE_METHOD_MATCH = YES;
				CODE_SIGN_STYLE = Automatic;
				COPY_PHASE_STRIP = NO;
				DEBUG_INFORMATION_FORMAT = "dwarf-with-dsym";
				DEVELOPMENT_TEAM = 8248296AJX;
				ENABLE_NS_ASSERTIONS = NO;
				ENABLE_STRICT_OBJC_MSGSEND = YES;
				ENABLE_USER_SCRIPT_SANDBOXING = NO;
				GCC_C_LANGUAGE_STANDARD = gnu11;
				GCC_NO_COMMON_BLOCKS = YES;
				GCC_WARN_64_TO_32_BIT_CONVERSION = YES;
				GCC_WARN_ABOUT_RETURN_TYPE = YES_ERROR;
				GCC_WARN_UNDECLARED_SELECTOR = YES;
				GCC_WARN_UNINITIALIZED_AUTOS = YES_AGGRESSIVE;
				GCC_WARN_UNUSED_FUNCTION = YES;
				GCC_WARN_UNUSED_VARIABLE = YES;
				IPHONEOS_DEPLOYMENT_TARGET = 17.0;
				MTL_ENABLE_DEBUG_INFO = NO;
				MTL_FAST_MATH = YES;
				PRODUCT_NAME = "$(TARGET_NAME)";
				SDKROOT = iphoneos;
				SWIFT_COMPILATION_MODE = wholemodule;
				SWIFT_OPTIMIZATION_LEVEL = "-O";
				SWIFT_STRICT_CONCURRENCY = complete;
				SWIFT_VERSION = 6.0;
			};
			name = Release;
		};
/* End XCBuildConfiguration section */

/* Begin XCConfigurationList section */
		1E85D0156633A7DDA2264410 /* Build configuration list for PBXNativeTarget "ClinkKeyboard" */ = {
			isa = XCConfigurationList;
			buildConfigurations = (
				D8C03BD68CB6052E243F23CC /* Debug */,
				B23B851212543D70DD78779D /* Release */,
			);
			defaultConfigurationIsVisible = 0;
			defaultConfigurationName = Debug;
		};
		360D9FE8F466B6A88C16E452 /* Build configuration list for PBXProject "Clink" */ = {
			isa = XCConfigurationList;
			buildConfigurations = (
				1B4100C0B4668B5E2349ADBC /* Debug */,
				EC76A8E2ECDE8249443F1896 /* Release */,
			);
			defaultConfigurationIsVisible = 0;
			defaultConfigurationName = Debug;
		};
		A0593A3B6AE8E4A388D8444F /* Build configuration list for PBXNativeTarget "Clink" */ = {
			isa = XCConfigurationList;
			buildConfigurations = (
				39EA8E65EC74E6791C51AB39 /* Debug */,
				E3A343CDFE9F5CAEE0C3CAD4 /* Release */,
			);
			defaultConfigurationIsVisible = 0;
			defaultConfigurationName = Debug;
		};
/* End XCConfigurationList section */

/* Begin XCLocalSwiftPackageReference section */
		15859E21FC14156FB7F4B4AE /* XCLocalSwiftPackageReference "../iUX-ios" */ = {
			isa = XCLocalSwiftPackageReference;
			relativePath = "../iUX-ios";
		};
/* End XCLocalSwiftPackageReference section */

/* Begin XCSwiftPackageProductDependency section */
		0FE274416A9E7BA62E04D778 /* iUXiOS */ = {
			isa = XCSwiftPackageProductDependency;
			productName = iUXiOS;
		};
		3FC50AE872783BD6CBFC8F4F /* iUXiOS */ = {
			isa = XCSwiftPackageProductDependency;
			productName = iUXiOS;
		};
/* End XCSwiftPackageProductDependency section */
	};
	rootObject = 35297B76EB67D3CEB149DBF5 /* Project object */;
}
