// !$*UTF8*$!
{
	archiveVersion = 1;
	classes = {
	};
	objectVersion = 77;
	objects = {

/* Begin PBXBuildFile section */
		019582295070CFC2147CCDD1 /* KeyboardController.swift in Sources */ = {isa = PBXBuildFile; fileRef = 49DB80C42BDBBFBA3D7876A5 /* KeyboardController.swift */; };
		027C1D4DCADBCB5274565116 /* KeyboardController.swift in Sources */ = {isa = PBXBuildFile; fileRef = 49DB80C42BDBBFBA3D7876A5 /* KeyboardController.swift */; };
		0BE1681946743EF8EE51BFF8 /* KeyboardLiveState.swift in Sources */ = {isa = PBXBuildFile; fileRef = 6677F5637BFA29F320E57C15 /* KeyboardLiveState.swift */; };
		0BFA467574BE7B9D7C2F9A41 /* PrivacyInfo.xcprivacy in Resources */ = {isa = PBXBuildFile; fileRef = 6E9C7A15D827D03AE993837E /* PrivacyInfo.xcprivacy */; };
		0DF15917C08B02E1B79741BD /* RGBA.swift in Sources */ = {isa = PBXBuildFile; fileRef = BA82BC99C7A359DF18B9CDDD /* RGBA.swift */; };
		1007569A1A30A8C62D13AC9A /* SmartPunctuation.swift in Sources */ = {isa = PBXBuildFile; fileRef = 247100C266670E093E13EFC1 /* SmartPunctuation.swift */; };
		10935AB8F974E859D7B8D4F3 /* iUXiOS in Frameworks */ = {isa = PBXBuildFile; productRef = D63AD698C2C479C032206407 /* iUXiOS */; };
		11AEEB1D7DDDB7164EC009A0 /* SharedStore.swift in Sources */ = {isa = PBXBuildFile; fileRef = FF59E26E52134F6C6A4604F2 /* SharedStore.swift */; };
		14502B319F31C07584BE0863 /* KeyboardLiveState.swift in Sources */ = {isa = PBXBuildFile; fileRef = 6677F5637BFA29F320E57C15 /* KeyboardLiveState.swift */; };
		1BD1F1739AD560B3380E723F /* SoundPlayer.swift in Sources */ = {isa = PBXBuildFile; fileRef = E59CD27F77EC36EDBC7AE8F0 /* SoundPlayer.swift */; };
		1DC12F2AAE42B38492DC5C97 /* EmojiKeyboardViewController.swift in Sources */ = {isa = PBXBuildFile; fileRef = 4365CA05FC3D0A772A5E1D7E /* EmojiKeyboardViewController.swift */; };
		23FE1F26A702C841FC185A92 /* ClinkEmoji.appex in Embed Foundation Extensions */ = {isa = PBXBuildFile; fileRef = 78C0215B80D960284B6C1263 /* ClinkEmoji.appex */; settings = {ATTRIBUTES = (RemoveHeadersOnCopy, ); }; };
		248BB73BD490CBD791B1780A /* SoundPack.swift in Sources */ = {isa = PBXBuildFile; fileRef = 9993AF7E588543B2754CAB3E /* SoundPack.swift */; };
		25674E38D35421FBD754EEB9 /* SoundPickerView.swift in Sources */ = {isa = PBXBuildFile; fileRef = 7949529FFC551E295B024531 /* SoundPickerView.swift */; };
		2D1FB5E1FF7C14C2198C873F /* TypingView.swift in Sources */ = {isa = PBXBuildFile; fileRef = 5462C6538A73BD8117516CB5 /* TypingView.swift */; };
		30B323B0F36FED3B16754F0B /* SoundPlayer.swift in Sources */ = {isa = PBXBuildFile; fileRef = E59CD27F77EC36EDBC7AE8F0 /* SoundPlayer.swift */; };
		31E07949071C4055B0954768 /* EmojiSkinTone.swift in Sources */ = {isa = PBXBuildFile; fileRef = 1C8FABA08CD27ABE8965A352 /* EmojiSkinTone.swift */; };
		3B3347D1B0054A15BBA38250 /* Theme.swift in Sources */ = {isa = PBXBuildFile; fileRef = 8927D850C4365DFDC1FD2FDA /* Theme.swift */; };
		3B4276B1682008D117A56528 /* ClinkApp.swift in Sources */ = {isa = PBXBuildFile; fileRef = B558BC9C666527C188E5041E /* ClinkApp.swift */; };
		3D1C3196B45C36F4368D0066 /* KeyboardLayout.swift in Sources */ = {isa = PBXBuildFile; fileRef = 2FD5841C760DB0FAB7CCE6CC /* KeyboardLayout.swift */; };
		43C3EA4C7D7567A14711CBE5 /* KeyboardSettings.swift in Sources */ = {isa = PBXBuildFile; fileRef = 3084837B56B933D2E3846C3A /* KeyboardSettings.swift */; };
		4ADC6C1280C2EFD33E91FE04 /* KeyboardLiveState.swift in Sources */ = {isa = PBXBuildFile; fileRef = 6677F5637BFA29F320E57C15 /* KeyboardLiveState.swift */; };
		4BE2AF2874E1B00158143714 /* SoundPlayer.swift in Sources */ = {isa = PBXBuildFile; fileRef = E59CD27F77EC36EDBC7AE8F0 /* SoundPlayer.swift */; };
		4C39743E419C219D53FB2233 /* KeyboardPreview.swift in Sources */ = {isa = PBXBuildFile; fileRef = 6E1D6F6CAE551B982EAEA3F9 /* KeyboardPreview.swift */; };
		4FA0ACF728879EB2C62B3287 /* Theme.swift in Sources */ = {isa = PBXBuildFile; fileRef = 8927D850C4365DFDC1FD2FDA /* Theme.swift */; };
		526C76DC55ADCFC1CC1DA852 /* EmojiSettingsView.swift in Sources */ = {isa = PBXBuildFile; fileRef = 39FDB6FF761A1B9983D99D51 /* EmojiSettingsView.swift */; };
		528F2D31362D9EE6A8B84E04 /* EmojiData.generated.swift in Sources */ = {isa = PBXBuildFile; fileRef = 148AA47AC2638AB397929AF1 /* EmojiData.generated.swift */; };
		52E9CB688315587DFC732459 /* PrivacyInfo.xcprivacy in Resources */ = {isa = PBXBuildFile; fileRef = F19B57DD172B90333A562C77 /* PrivacyInfo.xcprivacy */; };
		53E0FCF30A3FEE59055C4A14 /* EmojiData.generated.swift in Sources */ = {isa = PBXBuildFile; fileRef = 148AA47AC2638AB397929AF1 /* EmojiData.generated.swift */; };
		54AD91BF93B5363C3C7D9373 /* ClinkKeyboard.appex in Embed Foundation Extensions */ = {isa = PBXBuildFile; fileRef = A06533C1C5E7C51A9D0B3454 /* ClinkKeyboard.appex */; settings = {ATTRIBUTES = (RemoveHeadersOnCopy, ); }; };
		556A45C2449169ACA72D6B1F /* AppStage.swift in Sources */ = {isa = PBXBuildFile; fileRef = E887A5C7AFA3E881307455F8 /* AppStage.swift */; };
		59BA1AB5BB285F1D73A04CFF /* RGBA.swift in Sources */ = {isa = PBXBuildFile; fileRef = BA82BC99C7A359DF18B9CDDD /* RGBA.swift */; };
		5B464F04381F8B7B0EC397B9 /* KeyboardLayout.swift in Sources */ = {isa = PBXBuildFile; fileRef = 2FD5841C760DB0FAB7CCE6CC /* KeyboardLayout.swift */; };
		5BF6C929B01DCB62C3963390 /* KeyboardCanvas.swift in Sources */ = {isa = PBXBuildFile; fileRef = 64B72EA3228E93B5AB824EE0 /* KeyboardCanvas.swift */; };
		5EA493BD6E3F05E3F7D12CCD /* SuggestionEngine.swift in Sources */ = {isa = PBXBuildFile; fileRef = 8EBBE1A59D34F9725BA5ED16 /* SuggestionEngine.swift */; };
		5EBF224AC395DD0579186B2D /* ShowcaseView.swift in Sources */ = {isa = PBXBuildFile; fileRef = E7F89D5510BE5ADAE9BC8ECF /* ShowcaseView.swift */; };
		600121C7DD44E82B1EC68DCD /* SharedStore.swift in Sources */ = {isa = PBXBuildFile; fileRef = FF59E26E52134F6C6A4604F2 /* SharedStore.swift */; };
		617021EF084EA3192ABE5872 /* EnableFlowView.swift in Sources */ = {isa = PBXBuildFile; fileRef = 07CA903F575F647CCA010CD1 /* EnableFlowView.swift */; };
		6458D8B669F1B46F9599AC7B /* SmartPunctuation.swift in Sources */ = {isa = PBXBuildFile; fileRef = 247100C266670E093E13EFC1 /* SmartPunctuation.swift */; };
		68627A6C8F349503A1764BC9 /* PrivacyInfo.xcprivacy in Resources */ = {isa = PBXBuildFile; fileRef = CA6B04AC4156D93A230B1EBB /* PrivacyInfo.xcprivacy */; };
		6A8DFD98B768C4B591019692 /* LayoutPickerView.swift in Sources */ = {isa = PBXBuildFile; fileRef = 4AAF4700023DDC86E7C9062B /* LayoutPickerView.swift */; };
		6BCACE64387F0B4208941CF6 /* KeyTouchRouter.swift in Sources */ = {isa = PBXBuildFile; fileRef = 1A748954CFFCF00AEA9A55DF /* KeyTouchRouter.swift */; };
		7700D18C30068362D47F3DDF /* AppModel.swift in Sources */ = {isa = PBXBuildFile; fileRef = 42B98FFA8432716147A36F0E /* AppModel.swift */; };
		7710A21B32D18419FF3E3E1E /* SuggestionEngine.swift in Sources */ = {isa = PBXBuildFile; fileRef = 8EBBE1A59D34F9725BA5ED16 /* SuggestionEngine.swift */; };
		7B0084EDE7EC383024A52CD8 /* InputViewHeight.swift in Sources */ = {isa = PBXBuildFile; fileRef = 2DF12E5A3D107BD26DB173FD /* InputViewHeight.swift */; };
		7E2D1B0A95A6A747FA6BCD50 /* KeyboardSettings.swift in Sources */ = {isa = PBXBuildFile; fileRef = 3084837B56B933D2E3846C3A /* KeyboardSettings.swift */; };
		819662BE3E7814C19F18A12E /* Assets.xcassets in Resources */ = {isa = PBXBuildFile; fileRef = 2F7F467DA96CBD7A7FA140AE /* Assets.xcassets */; };
		81FAF62E6679165478D16824 /* EmojiData.swift in Sources */ = {isa = PBXBuildFile; fileRef = 550DB37AF0E30A5A41C1A9AC /* EmojiData.swift */; };
		830D2A27F7DA7295AD15C0C5 /* ThemeEditorView.swift in Sources */ = {isa = PBXBuildFile; fileRef = D07CE5F41986DBEC496E6369 /* ThemeEditorView.swift */; };
		86F22F11C4BBCAA6C51B9F5B /* iUXiOS in Frameworks */ = {isa = PBXBuildFile; productRef = 0FE274416A9E7BA62E04D778 /* iUXiOS */; };
		9180BE488FE55EB8FA4C9F1B /* EmojiCanvas.swift in Sources */ = {isa = PBXBuildFile; fileRef = 904EC1B1C1F79C503738CECD /* EmojiCanvas.swift */; };
		931E1D879BF121508C1D14E4 /* SmartPunctuation.swift in Sources */ = {isa = PBXBuildFile; fileRef = 247100C266670E093E13EFC1 /* SmartPunctuation.swift */; };
		93C7B724742F3EBF59F3C840 /* EmojiData.generated.swift in Sources */ = {isa = PBXBuildFile; fileRef = 148AA47AC2638AB397929AF1 /* EmojiData.generated.swift */; };
		96E8E4C6C67E8FF738391AEC /* EmojiData.swift in Sources */ = {isa = PBXBuildFile; fileRef = 550DB37AF0E30A5A41C1A9AC /* EmojiData.swift */; };
		9A449AEE3DC0530EA281DB64 /* InputViewHeight.swift in Sources */ = {isa = PBXBuildFile; fileRef = 2DF12E5A3D107BD26DB173FD /* InputViewHeight.swift */; };
		9AB592CBAD274F35B8EA2CA8 /* KeyTouchRouter.swift in Sources */ = {isa = PBXBuildFile; fileRef = 1A748954CFFCF00AEA9A55DF /* KeyTouchRouter.swift */; };
		A02430FCE33EDD5CEDFD516C /* SoundPack.swift in Sources */ = {isa = PBXBuildFile; fileRef = 9993AF7E588543B2754CAB3E /* SoundPack.swift */; };
		A1FCC654C7BF323839575EB7 /* EmojiCanvas.swift in Sources */ = {isa = PBXBuildFile; fileRef = 904EC1B1C1F79C503738CECD /* EmojiCanvas.swift */; };
		B6B4F51D8B37609FAB195703 /* KeyboardCanvas.swift in Sources */ = {isa = PBXBuildFile; fileRef = 64B72EA3228E93B5AB824EE0 /* KeyboardCanvas.swift */; };
		B71BF31701F8EBA454EA8769 /* EmojiSkinTone.swift in Sources */ = {isa = PBXBuildFile; fileRef = 1C8FABA08CD27ABE8965A352 /* EmojiSkinTone.swift */; };
		BEB9D64BAED43AF3C6AEE305 /* KeyboardLayout.swift in Sources */ = {isa = PBXBuildFile; fileRef = 2FD5841C760DB0FAB7CCE6CC /* KeyboardLayout.swift */; };
		C0F38A72B69F1619B74EC5A0 /* ThemeBuilderView.swift in Sources */ = {isa = PBXBuildFile; fileRef = 473E6FADCC90F3A24F2711AC /* ThemeBuilderView.swift */; };
		C1E7D8AE9CFBED980EE91734 /* RGBA.swift in Sources */ = {isa = PBXBuildFile; fileRef = BA82BC99C7A359DF18B9CDDD /* RGBA.swift */; };
		C576639078F73C5EF212D064 /* RootView.swift in Sources */ = {isa = PBXBuildFile; fileRef = 5181D0B09674CE8789540CEA /* RootView.swift */; };
		CEC0CEE762D47D9E688A6EF4 /* SuggestionEngine.swift in Sources */ = {isa = PBXBuildFile; fileRef = 8EBBE1A59D34F9725BA5ED16 /* SuggestionEngine.swift */; };
		CF2B8A07ECEC39C7D967DC28 /* InputViewHeight.swift in Sources */ = {isa = PBXBuildFile; fileRef = 2DF12E5A3D107BD26DB173FD /* InputViewHeight.swift */; };
		DB84BAB4CDE3273780537F18 /* EmojiCanvas.swift in Sources */ = {isa = PBXBuildFile; fileRef = 904EC1B1C1F79C503738CECD /* EmojiCanvas.swift */; };
		E42BC9182B558D0C62C887A0 /* EmojiSkinTone.swift in Sources */ = {isa = PBXBuildFile; fileRef = 1C8FABA08CD27ABE8965A352 /* EmojiSkinTone.swift */; };
		E90AFBB5D8A7267BCD721664 /* iUXiOS in Frameworks */ = {isa = PBXBuildFile; productRef = 3FC50AE872783BD6CBFC8F4F /* iUXiOS */; };
		EF3C529E5FF3BBB3E2CECD0A /* KeyboardViewController.swift in Sources */ = {isa = PBXBuildFile; fileRef = 1E12DFC4B4EFFA4222046212 /* KeyboardViewController.swift */; };
		EFB3F1685FF60E49ADF4DD07 /* SharedStore.swift in Sources */ = {isa = PBXBuildFile; fileRef = FF59E26E52134F6C6A4604F2 /* SharedStore.swift */; };
		F11DDFA538F1D32FA57E8BA1 /* KeyboardSettings.swift in Sources */ = {isa = PBXBuildFile; fileRef = 3084837B56B933D2E3846C3A /* KeyboardSettings.swift */; };
		F2727DE1FAB6DFC5786B8A0E /* Theme.swift in Sources */ = {isa = PBXBuildFile; fileRef = 8927D850C4365DFDC1FD2FDA /* Theme.swift */; };
		F5647E8390A6C317B97D9CDC /* KeyboardController.swift in Sources */ = {isa = PBXBuildFile; fileRef = 49DB80C42BDBBFBA3D7876A5 /* KeyboardController.swift */; };
		F71831CD4C2CA4D7726129AD /* KeyTouchRouter.swift in Sources */ = {isa = PBXBuildFile; fileRef = 1A748954CFFCF00AEA9A55DF /* KeyTouchRouter.swift */; };
		F722F207AB108110ABD7E63C /* KeyboardCanvas.swift in Sources */ = {isa = PBXBuildFile; fileRef = 64B72EA3228E93B5AB824EE0 /* KeyboardCanvas.swift */; };
		F793343AA3AF97B58517BC6F /* EmojiData.swift in Sources */ = {isa = PBXBuildFile; fileRef = 550DB37AF0E30A5A41C1A9AC /* EmojiData.swift */; };
		F8F7ED0153158B632C2232AD /* StagedHeroView.swift in Sources */ = {isa = PBXBuildFile; fileRef = 5C04D6AA199C403FCC06DCF8 /* StagedHeroView.swift */; };
		FAB3053C826EFF1325A39E0B /* SoundPack.swift in Sources */ = {isa = PBXBuildFile; fileRef = 9993AF7E588543B2754CAB3E /* SoundPack.swift */; };
/* End PBXBuildFile section */

/* Begin PBXContainerItemProxy section */
		693BD498BC23381C879F0C4B /* PBXContainerItemProxy */ = {
			isa = PBXContainerItemProxy;
			containerPortal = 35297B76EB67D3CEB149DBF5 /* Project object */;
			proxyType = 1;
			remoteGlobalIDString = FA0369674B076B6AC9B28156;
			remoteInfo = ClinkEmoji;
		};
		7080A74211B9EFB8ADB563BE /* PBXContainerItemProxy */ = {
			isa = PBXContainerItemProxy;
			containerPortal = 35297B76EB67D3CEB149DBF5 /* Project object */;
			proxyType = 1;
			remoteGlobalIDString = 04A96E32833CFE8EFAFC32B9;
			remoteInfo = ClinkKeyboard;
		};
/* End PBXContainerItemProxy section */

/* Begin PBXCopyFilesBuildPhase section */
		852472430F97C9732558D1BE /* Embed Foundation Extensions */ = {
			isa = PBXCopyFilesBuildPhase;
			buildActionMask = 2147483647;
			dstPath = "";
			dstSubfolderSpec = 13;
			files = (
				54AD91BF93B5363C3C7D9373 /* ClinkKeyboard.appex in Embed Foundation Extensions */,
				23FE1F26A702C841FC185A92 /* ClinkEmoji.appex in Embed Foundation Extensions */,
			);
			name = "Embed Foundation Extensions";
			runOnlyForDeploymentPostprocessing = 0;
		};
/* End PBXCopyFilesBuildPhase section */

/* Begin PBXFileReference section */
		07CA903F575F647CCA010CD1 /* EnableFlowView.swift */ = {isa = PBXFileReference; lastKnownFileType = sourcecode.swift; path = EnableFlowView.swift; sourceTree = "<group>"; };
		148AA47AC2638AB397929AF1 /* EmojiData.generated.swift */ = {isa = PBXFileReference; lastKnownFileType = sourcecode.swift; path = EmojiData.generated.swift; sourceTree = "<group>"; };
		1A748954CFFCF00AEA9A55DF /* KeyTouchRouter.swift */ = {isa = PBXFileReference; lastKnownFileType = sourcecode.swift; path = KeyTouchRouter.swift; sourceTree = "<group>"; };
		1C8FABA08CD27ABE8965A352 /* EmojiSkinTone.swift */ = {isa = PBXFileReference; lastKnownFileType = sourcecode.swift; path = EmojiSkinTone.swift; sourceTree = "<group>"; };
		1E12DFC4B4EFFA4222046212 /* KeyboardViewController.swift */ = {isa = PBXFileReference; lastKnownFileType = sourcecode.swift; path = KeyboardViewController.swift; sourceTree = "<group>"; };
		247100C266670E093E13EFC1 /* SmartPunctuation.swift */ = {isa = PBXFileReference; lastKnownFileType = sourcecode.swift; path = SmartPunctuation.swift; sourceTree = "<group>"; };
		2DF12E5A3D107BD26DB173FD /* InputViewHeight.swift */ = {isa = PBXFileReference; lastKnownFileType = sourcecode.swift; path = InputViewHeight.swift; sourceTree = "<group>"; };
		2F7F467DA96CBD7A7FA140AE /* Assets.xcassets */ = {isa = PBXFileReference; lastKnownFileType = folder.assetcatalog; path = Assets.xcassets; sourceTree = "<group>"; };
		2FD5841C760DB0FAB7CCE6CC /* KeyboardLayout.swift */ = {isa = PBXFileReference; lastKnownFileType = sourcecode.swift; path = KeyboardLayout.swift; sourceTree = "<group>"; };
		3084837B56B933D2E3846C3A /* KeyboardSettings.swift */ = {isa = PBXFileReference; lastKnownFileType = sourcecode.swift; path = KeyboardSettings.swift; sourceTree = "<group>"; };
		39FDB6FF761A1B9983D99D51 /* EmojiSettingsView.swift */ = {isa = PBXFileReference; lastKnownFileType = sourcecode.swift; path = EmojiSettingsView.swift; sourceTree = "<group>"; };
		42B98FFA8432716147A36F0E /* AppModel.swift */ = {isa = PBXFileReference; lastKnownFileType = sourcecode.swift; path = AppModel.swift; sourceTree = "<group>"; };
		4365CA05FC3D0A772A5E1D7E /* EmojiKeyboardViewController.swift */ = {isa = PBXFileReference; lastKnownFileType = sourcecode.swift; path = EmojiKeyboardViewController.swift; sourceTree = "<group>"; };
		473E6FADCC90F3A24F2711AC /* ThemeBuilderView.swift */ = {isa = PBXFileReference; lastKnownFileType = sourcecode.swift; path = ThemeBuilderView.swift; sourceTree = "<group>"; };
		49DB80C42BDBBFBA3D7876A5 /* KeyboardController.swift */ = {isa = PBXFileReference; lastKnownFileType = sourcecode.swift; path = KeyboardController.swift; sourceTree = "<group>"; };
		4AAF4700023DDC86E7C9062B /* LayoutPickerView.swift */ = {isa = PBXFileReference; lastKnownFileType = sourcecode.swift; path = LayoutPickerView.swift; sourceTree = "<group>"; };
		5181D0B09674CE8789540CEA /* RootView.swift */ = {isa = PBXFileReference; lastKnownFileType = sourcecode.swift; path = RootView.swift; sourceTree = "<group>"; };
		5462C6538A73BD8117516CB5 /* TypingView.swift */ = {isa = PBXFileReference; lastKnownFileType = sourcecode.swift; path = TypingView.swift; sourceTree = "<group>"; };
		550DB37AF0E30A5A41C1A9AC /* EmojiData.swift */ = {isa = PBXFileReference; lastKnownFileType = sourcecode.swift; path = EmojiData.swift; sourceTree = "<group>"; };
		5C04D6AA199C403FCC06DCF8 /* StagedHeroView.swift */ = {isa = PBXFileReference; lastKnownFileType = sourcecode.swift; path = StagedHeroView.swift; sourceTree = "<group>"; };
		64B72EA3228E93B5AB824EE0 /* KeyboardCanvas.swift */ = {isa = PBXFileReference; lastKnownFileType = sourcecode.swift; path = KeyboardCanvas.swift; sourceTree = "<group>"; };
		6677F5637BFA29F320E57C15 /* KeyboardLiveState.swift */ = {isa = PBXFileReference; lastKnownFileType = sourcecode.swift; path = KeyboardLiveState.swift; sourceTree = "<group>"; };
		6E1D6F6CAE551B982EAEA3F9 /* KeyboardPreview.swift */ = {isa = PBXFileReference; lastKnownFileType = sourcecode.swift; path = KeyboardPreview.swift; sourceTree = "<group>"; };
		6E9C7A15D827D03AE993837E /* PrivacyInfo.xcprivacy */ = {isa = PBXFileReference; path = PrivacyInfo.xcprivacy; sourceTree = "<group>"; };
		78C0215B80D960284B6C1263 /* ClinkEmoji.appex */ = {isa = PBXFileReference; includeInIndex = 0; lastKnownFileType = "wrapper.app-extension"; path = ClinkEmoji.appex; sourceTree = BUILT_PRODUCTS_DIR; };
		7949529FFC551E295B024531 /* SoundPickerView.swift */ = {isa = PBXFileReference; lastKnownFileType = sourcecode.swift; path = SoundPickerView.swift; sourceTree = "<group>"; };
		8927D850C4365DFDC1FD2FDA /* Theme.swift */ = {isa = PBXFileReference; lastKnownFileType = sourcecode.swift; path = Theme.swift; sourceTree = "<group>"; };
		89C0E3B52628790F5260C89C /* Clink.app */ = {isa = PBXFileReference; includeInIndex = 0; lastKnownFileType = wrapper.application; path = Clink.app; sourceTree = BUILT_PRODUCTS_DIR; };
		8EBBE1A59D34F9725BA5ED16 /* SuggestionEngine.swift */ = {isa = PBXFileReference; lastKnownFileType = sourcecode.swift; path = SuggestionEngine.swift; sourceTree = "<group>"; };
		904EC1B1C1F79C503738CECD /* EmojiCanvas.swift */ = {isa = PBXFileReference; lastKnownFileType = sourcecode.swift; path = EmojiCanvas.swift; sourceTree = "<group>"; };
		996E57798F6EB6FD05B185E4 /* iUX-ios */ = {isa = PBXFileReference; lastKnownFileType = folder; name = "iUX-ios"; path = "../iUX-ios"; sourceTree = SOURCE_ROOT; };
		9993AF7E588543B2754CAB3E /* SoundPack.swift */ = {isa = PBXFileReference; lastKnownFileType = sourcecode.swift; path = SoundPack.swift; sourceTree = "<group>"; };
		A06533C1C5E7C51A9D0B3454 /* ClinkKeyboard.appex */ = {isa = PBXFileReference; includeInIndex = 0; lastKnownFileType = "wrapper.app-extension"; path = ClinkKeyboard.appex; sourceTree = BUILT_PRODUCTS_DIR; };
		B558BC9C666527C188E5041E /* ClinkApp.swift */ = {isa = PBXFileReference; lastKnownFileType = sourcecode.swift; path = ClinkApp.swift; sourceTree = "<group>"; };
		BA82BC99C7A359DF18B9CDDD /* RGBA.swift */ = {isa = PBXFileReference; lastKnownFileType = sourcecode.swift; path = RGBA.swift; sourceTree = "<group>"; };
		CA6B04AC4156D93A230B1EBB /* PrivacyInfo.xcprivacy */ = {isa = PBXFileReference; path = PrivacyInfo.xcprivacy; sourceTree = "<group>"; };
		D07CE5F41986DBEC496E6369 /* ThemeEditorView.swift */ = {isa = PBXFileReference; lastKnownFileType = sourcecode.swift; path = ThemeEditorView.swift; sourceTree = "<group>"; };
		E59CD27F77EC36EDBC7AE8F0 /* SoundPlayer.swift */ = {isa = PBXFileReference; lastKnownFileType = sourcecode.swift; path = SoundPlayer.swift; sourceTree = "<group>"; };
		E7F89D5510BE5ADAE9BC8ECF /* ShowcaseView.swift */ = {isa = PBXFileReference; lastKnownFileType = sourcecode.swift; path = ShowcaseView.swift; sourceTree = "<group>"; };
		E887A5C7AFA3E881307455F8 /* AppStage.swift */ = {isa = PBXFileReference; lastKnownFileType = sourcecode.swift; path = AppStage.swift; sourceTree = "<group>"; };
		F19B57DD172B90333A562C77 /* PrivacyInfo.xcprivacy */ = {isa = PBXFileReference; path = PrivacyInfo.xcprivacy; sourceTree = "<group>"; };
		FF59E26E52134F6C6A4604F2 /* SharedStore.swift */ = {isa = PBXFileReference; lastKnownFileType = sourcecode.swift; path = SharedStore.swift; sourceTree = "<group>"; };
/* End PBXFileReference section */

/* Begin PBXFrameworksBuildPhase section */
		1A8EB11ACDCF0368FA4C0D83 /* Frameworks */ = {
			isa = PBXFrameworksBuildPhase;
			buildActionMask = 2147483647;
			files = (
				E90AFBB5D8A7267BCD721664 /* iUXiOS in Frameworks */,
			);
			runOnlyForDeploymentPostprocessing = 0;
		};
		54A60A34805AC6B60BB4D047 /* Frameworks */ = {
			isa = PBXFrameworksBuildPhase;
			buildActionMask = 2147483647;
			files = (
				10935AB8F974E859D7B8D4F3 /* iUXiOS in Frameworks */,
			);
			runOnlyForDeploymentPostprocessing = 0;
		};
		D3E72D407DD9E78E3C9C4A53 /* Frameworks */ = {
			isa = PBXFrameworksBuildPhase;
			buildActionMask = 2147483647;
			files = (
				86F22F11C4BBCAA6C51B9F5B /* iUXiOS in Frameworks */,
			);
			runOnlyForDeploymentPostprocessing = 0;
		};
/* End PBXFrameworksBuildPhase section */

/* Begin PBXGroup section */
		108DFF3F102E65CBAFA10671 /* ClinkKeyboard */ = {
			isa = PBXGroup;
			children = (
				1E12DFC4B4EFFA4222046212 /* KeyboardViewController.swift */,
			);
			path = ClinkKeyboard;
			sourceTree = "<group>";
		};
		13905E336B58952F035FAC2E /* Sources */ = {
			isa = PBXGroup;
			children = (
				9D3F266B0A016DDD8C29D2BE /* Clink */,
				2C535706214DA422839590D8 /* ClinkEmoji */,
				108DFF3F102E65CBAFA10671 /* ClinkKeyboard */,
				202B9603433555A44A538C68 /* ClinkKit */,
			);
			path = Sources;
			sourceTree = "<group>";
		};
		19D9C726BF5C420A5E1918A9 /* Products */ = {
			isa = PBXGroup;
			children = (
				89C0E3B52628790F5260C89C /* Clink.app */,
				78C0215B80D960284B6C1263 /* ClinkEmoji.appex */,
				A06533C1C5E7C51A9D0B3454 /* ClinkKeyboard.appex */,
			);
			name = Products;
			sourceTree = "<group>";
		};
		202B9603433555A44A538C68 /* ClinkKit */ = {
			isa = PBXGroup;
			children = (
				904EC1B1C1F79C503738CECD /* EmojiCanvas.swift */,
				148AA47AC2638AB397929AF1 /* EmojiData.generated.swift */,
				550DB37AF0E30A5A41C1A9AC /* EmojiData.swift */,
				1C8FABA08CD27ABE8965A352 /* EmojiSkinTone.swift */,
				2DF12E5A3D107BD26DB173FD /* InputViewHeight.swift */,
				64B72EA3228E93B5AB824EE0 /* KeyboardCanvas.swift */,
				49DB80C42BDBBFBA3D7876A5 /* KeyboardController.swift */,
				2FD5841C760DB0FAB7CCE6CC /* KeyboardLayout.swift */,
				6677F5637BFA29F320E57C15 /* KeyboardLiveState.swift */,
				3084837B56B933D2E3846C3A /* KeyboardSettings.swift */,
				1A748954CFFCF00AEA9A55DF /* KeyTouchRouter.swift */,
				BA82BC99C7A359DF18B9CDDD /* RGBA.swift */,
				FF59E26E52134F6C6A4604F2 /* SharedStore.swift */,
				247100C266670E093E13EFC1 /* SmartPunctuation.swift */,
				9993AF7E588543B2754CAB3E /* SoundPack.swift */,
				E59CD27F77EC36EDBC7AE8F0 /* SoundPlayer.swift */,
				8EBBE1A59D34F9725BA5ED16 /* SuggestionEngine.swift */,
				8927D850C4365DFDC1FD2FDA /* Theme.swift */,
			);
			path = ClinkKit;
			sourceTree = "<group>";
		};
		2C535706214DA422839590D8 /* ClinkEmoji */ = {
			isa = PBXGroup;
			children = (
				4365CA05FC3D0A772A5E1D7E /* EmojiKeyboardViewController.swift */,
			);
			path = ClinkEmoji;
			sourceTree = "<group>";
		};
		2D92AB38ADAD2B3E760C2872 = {
			isa = PBXGroup;
			children = (
				300C3267467B555F8289E223 /* Packages */,
				369099FB11D6E98E3C70465B /* Resources */,
				13905E336B58952F035FAC2E /* Sources */,
				19D9C726BF5C420A5E1918A9 /* Products */,
			);
			sourceTree = "<group>";
		};
		300C3267467B555F8289E223 /* Packages */ = {
			isa = PBXGroup;
			children = (
				996E57798F6EB6FD05B185E4 /* iUX-ios */,
			);
			name = Packages;
			sourceTree = "<group>";
		};
		369099FB11D6E98E3C70465B /* Resources */ = {
			isa = PBXGroup;
			children = (
				2F7F467DA96CBD7A7FA140AE /* Assets.xcassets */,
				A114E3B0246BA8A6078112AC /* Privacy */,
			);
			path = Resources;
			sourceTree = "<group>";
		};
		36D1514537C53528DA392160 /* App */ = {
			isa = PBXGroup;
			children = (
				6E9C7A15D827D03AE993837E /* PrivacyInfo.xcprivacy */,
			);
			path = App;
			sourceTree = "<group>";
		};
		873745E5542657A6D41F35A5 /* Emoji */ = {
			isa = PBXGroup;
			children = (
				F19B57DD172B90333A562C77 /* PrivacyInfo.xcprivacy */,
			);
			path = Emoji;
			sourceTree = "<group>";
		};
		9D3F266B0A016DDD8C29D2BE /* Clink */ = {
			isa = PBXGroup;
			children = (
				42B98FFA8432716147A36F0E /* AppModel.swift */,
				E887A5C7AFA3E881307455F8 /* AppStage.swift */,
				B558BC9C666527C188E5041E /* ClinkApp.swift */,
				C68EFFB03B2BF4A5F7331ACE /* UI */,
			);
			path = Clink;
			sourceTree = "<group>";
		};
		A114E3B0246BA8A6078112AC /* Privacy */ = {
			isa = PBXGroup;
			children = (
				36D1514537C53528DA392160 /* App */,
				873745E5542657A6D41F35A5 /* Emoji */,
				F5730D221540CF3840AA2100 /* Keyboard */,
			);
			path = Privacy;
			sourceTree = "<group>";
		};
		C68EFFB03B2BF4A5F7331ACE /* UI */ = {
			isa = PBXGroup;
			children = (
				39FDB6FF761A1B9983D99D51 /* EmojiSettingsView.swift */,
				07CA903F575F647CCA010CD1 /* EnableFlowView.swift */,
				6E1D6F6CAE551B982EAEA3F9 /* KeyboardPreview.swift */,
				4AAF4700023DDC86E7C9062B /* LayoutPickerView.swift */,
				5181D0B09674CE8789540CEA /* RootView.swift */,
				E7F89D5510BE5ADAE9BC8ECF /* ShowcaseView.swift */,
				7949529FFC551E295B024531 /* SoundPickerView.swift */,
				5C04D6AA199C403FCC06DCF8 /* StagedHeroView.swift */,
				473E6FADCC90F3A24F2711AC /* ThemeBuilderView.swift */,
				D07CE5F41986DBEC496E6369 /* ThemeEditorView.swift */,
				5462C6538A73BD8117516CB5 /* TypingView.swift */,
			);
			path = UI;
			sourceTree = "<group>";
		};
		F5730D221540CF3840AA2100 /* Keyboard */ = {
			isa = PBXGroup;
			children = (
				CA6B04AC4156D93A230B1EBB /* PrivacyInfo.xcprivacy */,
			);
			path = Keyboard;
			sourceTree = "<group>";
		};
/* End PBXGroup section */

/* Begin PBXNativeTarget section */
		04A96E32833CFE8EFAFC32B9 /* ClinkKeyboard */ = {
			isa = PBXNativeTarget;
			buildConfigurationList = 1E85D0156633A7DDA2264410 /* Build configuration list for PBXNativeTarget "ClinkKeyboard" */;
			buildPhases = (
				A5DD0214227BD55B5F43E5A0 /* Sources */,
				9EE6CB2400F4925885052269 /* Resources */,
				D3E72D407DD9E78E3C9C4A53 /* Frameworks */,
			);
			buildRules = (
			);
			dependencies = (
			);
			name = ClinkKeyboard;
			packageProductDependencies = (
				0FE274416A9E7BA62E04D778 /* iUXiOS */,
			);
			productName = ClinkKeyboard;
			productReference = A06533C1C5E7C51A9D0B3454 /* ClinkKeyboard.appex */;
			productType = "com.apple.product-type.app-extension";
		};
		328C783837C9DBCCE90227EF /* Clink */ = {
			isa = PBXNativeTarget;
			buildConfigurationList = A0593A3B6AE8E4A388D8444F /* Build configuration list for PBXNativeTarget "Clink" */;
			buildPhases = (
				46DDA56A38D731806ED8554F /* Sources */,
				1590E2CF3B1F90311868C8F0 /* Resources */,
				1A8EB11ACDCF0368FA4C0D83 /* Frameworks */,
				852472430F97C9732558D1BE /* Embed Foundation Extensions */,
			);
			buildRules = (
			);
			dependencies = (
				932A92AC8974E9269FA85259 /* PBXTargetDependency */,
				5FB5F9D1EC9DE2013A996385 /* PBXTargetDependency */,
			);
			name = Clink;
			packageProductDependencies = (
				3FC50AE872783BD6CBFC8F4F /* iUXiOS */,
			);
			productName = Clink;
			productReference = 89C0E3B52628790F5260C89C /* Clink.app */;
			productType = "com.apple.product-type.application";
		};
		FA0369674B076B6AC9B28156 /* ClinkEmoji */ = {
			isa = PBXNativeTarget;
			buildConfigurationList = 8DC06DB8BD261224657F978B /* Build configuration list for PBXNativeTarget "ClinkEmoji" */;
			buildPhases = (
				8C97A39FEC41D5BAC16CED28 /* Sources */,
				FBC673F7C34DE06298AE59E9 /* Resources */,
				54A60A34805AC6B60BB4D047 /* Frameworks */,
			);
			buildRules = (
			);
			dependencies = (
			);
			name = ClinkEmoji;
			packageProductDependencies = (
				D63AD698C2C479C032206407 /* iUXiOS */,
			);
			productName = ClinkEmoji;
			productReference = 78C0215B80D960284B6C1263 /* ClinkEmoji.appex */;
			productType = "com.apple.product-type.app-extension";
		};
/* End PBXNativeTarget section */

/* Begin PBXProject section */
		35297B76EB67D3CEB149DBF5 /* Project object */ = {
			isa = PBXProject;
			attributes = {
				BuildIndependentTargetsInParallel = YES;
				LastUpgradeCheck = 1430;
				TargetAttributes = {
					04A96E32833CFE8EFAFC32B9 = {
						DevelopmentTeam = 8248296AJX;
						ProvisioningStyle = Automatic;
					};
					328C783837C9DBCCE90227EF = {
						DevelopmentTeam = 8248296AJX;
						ProvisioningStyle = Automatic;
					};
					FA0369674B076B6AC9B28156 = {
						DevelopmentTeam = 8248296AJX;
						ProvisioningStyle = Automatic;
					};
				};
			};
			buildConfigurationList = 360D9FE8F466B6A88C16E452 /* Build configuration list for PBXProject "Clink" */;
			developmentRegion = en;
			hasScannedForEncodings = 0;
			knownRegions = (
				Base,
				en,
			);
			mainGroup = 2D92AB38ADAD2B3E760C2872;
			minimizedProjectReferenceProxies = 1;
			packageReferences = (
				15859E21FC14156FB7F4B4AE /* XCLocalSwiftPackageReference "../iUX-ios" */,
			);
			preferredProjectObjectVersion = 77;
			productRefGroup = 19D9C726BF5C420A5E1918A9 /* Products */;
			projectDirPath = "";
			projectRoot = "";
			targets = (
				328C783837C9DBCCE90227EF /* Clink */,
				FA0369674B076B6AC9B28156 /* ClinkEmoji */,
				04A96E32833CFE8EFAFC32B9 /* ClinkKeyboard */,
			);
		};
/* End PBXProject section */

/* Begin PBXResourcesBuildPhase section */
		1590E2CF3B1F90311868C8F0 /* Resources */ = {
			isa = PBXResourcesBuildPhase;
			buildActionMask = 2147483647;
			files = (
				819662BE3E7814C19F18A12E /* Assets.xcassets in Resources */,
				0BFA467574BE7B9D7C2F9A41 /* PrivacyInfo.xcprivacy in Resources */,
			);
			runOnlyForDeploymentPostprocessing = 0;
		};
		9EE6CB2400F4925885052269 /* Resources */ = {
			isa = PBXResourcesBuildPhase;
			buildActionMask = 2147483647;
			files = (
				68627A6C8F349503A1764BC9 /* PrivacyInfo.xcprivacy in Resources */,
			);
			runOnlyForDeploymentPostprocessing = 0;
		};
		FBC673F7C34DE06298AE59E9 /* Resources */ = {
			isa = PBXResourcesBuildPhase;
			buildActionMask = 2147483647;
			files = (
				52E9CB688315587DFC732459 /* PrivacyInfo.xcprivacy in Resources */,
			);
			runOnlyForDeploymentPostprocessing = 0;
		};
/* End PBXResourcesBuildPhase section */

/* Begin PBXSourcesBuildPhase section */
		46DDA56A38D731806ED8554F /* Sources */ = {
			isa = PBXSourcesBuildPhase;
			buildActionMask = 2147483647;
			files = (
				7700D18C30068362D47F3DDF /* AppModel.swift in Sources */,
				556A45C2449169ACA72D6B1F /* AppStage.swift in Sources */,
				3B4276B1682008D117A56528 /* ClinkApp.swift in Sources */,
				DB84BAB4CDE3273780537F18 /* EmojiCanvas.swift in Sources */,
				528F2D31362D9EE6A8B84E04 /* EmojiData.generated.swift in Sources */,
				81FAF62E6679165478D16824 /* EmojiData.swift in Sources */,
				526C76DC55ADCFC1CC1DA852 /* EmojiSettingsView.swift in Sources */,
				E42BC9182B558D0C62C887A0 /* EmojiSkinTone.swift in Sources */,
				617021EF084EA3192ABE5872 /* EnableFlowView.swift in Sources */,
				9A449AEE3DC0530EA281DB64 /* InputViewHeight.swift in Sources */,
				9AB592CBAD274F35B8EA2CA8 /* KeyTouchRouter.swift in Sources */,
				B6B4F51D8B37609FAB195703 /* KeyboardCanvas.swift in Sources */,
				F5647E8390A6C317B97D9CDC /* KeyboardController.swift in Sources */,
				3D1C3196B45C36F4368D0066 /* KeyboardLayout.swift in Sources */,
				14502B319F31C07584BE0863 /* KeyboardLiveState.swift in Sources */,
				4C39743E419C219D53FB2233 /* KeyboardPreview.swift in Sources */,
				7E2D1B0A95A6A747FA6BCD50 /* KeyboardSettings.swift in Sources */,
				6A8DFD98B768C4B591019692 /* LayoutPickerView.swift in Sources */,
				59BA1AB5BB285F1D73A04CFF /* RGBA.swift in Sources */,
				C576639078F73C5EF212D064 /* RootView.swift in Sources */,
				EFB3F1685FF60E49ADF4DD07 /* SharedStore.swift in Sources */,
				5EBF224AC395DD0579186B2D /* ShowcaseView.swift in Sources */,
				1007569A1A30A8C62D13AC9A /* SmartPunctuation.swift in Sources */,
				A02430FCE33EDD5CEDFD516C /* SoundPack.swift in Sources */,
				25674E38D35421FBD754EEB9 /* SoundPickerView.swift in Sources */,
				4BE2AF2874E1B00158143714 /* SoundPlayer.swift in Sources */,
				F8F7ED0153158B632C2232AD /* StagedHeroView.swift in Sources */,
				CEC0CEE762D47D9E688A6EF4 /* SuggestionEngine.swift in Sources */,
				F2727DE1FAB6DFC5786B8A0E /* Theme.swift in Sources */,
				C0F38A72B69F1619B74EC5A0 /* ThemeBuilderView.swift in Sources */,
				830D2A27F7DA7295AD15C0C5 /* ThemeEditorView.swift in Sources */,
				2D1FB5E1FF7C14C2198C873F /* TypingView.swift in Sources */,
			);
			runOnlyForDeploymentPostprocessing = 0;
		};
		8C97A39FEC41D5BAC16CED28 /* Sources */ = {
			isa = PBXSourcesBuildPhase;
			buildActionMask = 2147483647;
			files = (
				9180BE488FE55EB8FA4C9F1B /* EmojiCanvas.swift in Sources */,
				53E0FCF30A3FEE59055C4A14 /* EmojiData.generated.swift in Sources */,
				F793343AA3AF97B58517BC6F /* EmojiData.swift in Sources */,
				1DC12F2AAE42B38492DC5C97 /* EmojiKeyboardViewController.swift in Sources */,
				31E07949071C4055B0954768 /* EmojiSkinTone.swift in Sources */,
				CF2B8A07ECEC39C7D967DC28 /* InputViewHeight.swift in Sources */,
				F71831CD4C2CA4D7726129AD /* KeyTouchRouter.swift in Sources */,
				5BF6C929B01DCB62C3963390 /* KeyboardCanvas.swift in Sources */,
				027C1D4DCADBCB5274565116 /* KeyboardController.swift in Sources */,
				BEB9D64BAED43AF3C6AEE305 /* KeyboardLayout.swift in Sources */,
				0BE1681946743EF8EE51BFF8 /* KeyboardLiveState.swift in Sources */,
				43C3EA4C7D7567A14711CBE5 /* KeyboardSettings.swift in Sources */,
				C1E7D8AE9CFBED980EE91734 /* RGBA.swift in Sources */,
				600121C7DD44E82B1EC68DCD /* SharedStore.swift in Sources */,
				931E1D879BF121508C1D14E4 /* SmartPunctuation.swift in Sources */,
				248BB73BD490CBD791B1780A /* SoundPack.swift in Sources */,
				1BD1F1739AD560B3380E723F /* SoundPlayer.swift in Sources */,
				7710A21B32D18419FF3E3E1E /* SuggestionEngine.swift in Sources */,
				4FA0ACF728879EB2C62B3287 /* Theme.swift in Sources */,
			);
			runOnlyForDeploymentPostprocessing = 0;
		};
		A5DD0214227BD55B5F43E5A0 /* Sources */ = {
			isa = PBXSourcesBuildPhase;
			buildActionMask = 2147483647;
			files = (
				A1FCC654C7BF323839575EB7 /* EmojiCanvas.swift in Sources */,
				93C7B724742F3EBF59F3C840 /* EmojiData.generated.swift in Sources */,
				96E8E4C6C67E8FF738391AEC /* EmojiData.swift in Sources */,
				B71BF31701F8EBA454EA8769 /* EmojiSkinTone.swift in Sources */,
				7B0084EDE7EC383024A52CD8 /* InputViewHeight.swift in Sources */,
				6BCACE64387F0B4208941CF6 /* KeyTouchRouter.swift in Sources */,
				F722F207AB108110ABD7E63C /* KeyboardCanvas.swift in Sources */,
				019582295070CFC2147CCDD1 /* KeyboardController.swift in Sources */,
				5B464F04381F8B7B0EC397B9 /* KeyboardLayout.swift in Sources */,
				4ADC6C1280C2EFD33E91FE04 /* KeyboardLiveState.swift in Sources */,
				F11DDFA538F1D32FA57E8BA1 /* KeyboardSettings.swift in Sources */,
				EF3C529E5FF3BBB3E2CECD0A /* KeyboardViewController.swift in Sources */,
				0DF15917C08B02E1B79741BD /* RGBA.swift in Sources */,
				11AEEB1D7DDDB7164EC009A0 /* SharedStore.swift in Sources */,
				6458D8B669F1B46F9599AC7B /* SmartPunctuation.swift in Sources */,
				FAB3053C826EFF1325A39E0B /* SoundPack.swift in Sources */,
				30B323B0F36FED3B16754F0B /* SoundPlayer.swift in Sources */,
				5EA493BD6E3F05E3F7D12CCD /* SuggestionEngine.swift in Sources */,
				3B3347D1B0054A15BBA38250 /* Theme.swift in Sources */,
			);
			runOnlyForDeploymentPostprocessing = 0;
		};
/* End PBXSourcesBuildPhase section */

/* Begin PBXTargetDependency section */
		5FB5F9D1EC9DE2013A996385 /* PBXTargetDependency */ = {
			isa = PBXTargetDependency;
			target = FA0369674B076B6AC9B28156 /* ClinkEmoji */;
			targetProxy = 693BD498BC23381C879F0C4B /* PBXContainerItemProxy */;
		};
		932A92AC8974E9269FA85259 /* PBXTargetDependency */ = {
			isa = PBXTargetDependency;
			target = 04A96E32833CFE8EFAFC32B9 /* ClinkKeyboard */;
			targetProxy = 7080A74211B9EFB8ADB563BE /* PBXContainerItemProxy */;
		};
/* End PBXTargetDependency section */

/* Begin XCBuildConfiguration section */
		1B4100C0B4668B5E2349ADBC /* Debug */ = {
			isa = XCBuildConfiguration;
			buildSettings = {
				ALWAYS_SEARCH_USER_PATHS = NO;
				CLANG_ANALYZER_NONNULL = YES;
				CLANG_ANALYZER_NUMBER_OBJECT_CONVERSION = YES_AGGRESSIVE;
				CLANG_CXX_LANGUAGE_STANDARD = "gnu++14";
				CLANG_CXX_LIBRARY = "libc++";
				CLANG_ENABLE_MODULES = YES;
				CLANG_ENABLE_OBJC_ARC = YES;
				CLANG_ENABLE_OBJC_WEAK = YES;
				CLANG_WARN_BLOCK_CAPTURE_AUTORELEASING = YES;
				CLANG_WARN_BOOL_CONVERSION = YES;
				CLANG_WARN_COMMA = YES;
				CLANG_WARN_CONSTANT_CONVERSION = YES;
				CLANG_WARN_DEPRECATED_OBJC_IMPLEMENTATIONS = YES;
				CLANG_WARN_DIRECT_OBJC_ISA_USAGE = YES_ERROR;
				CLANG_WARN_DOCUMENTATION_COMMENTS = YES;
				CLANG_WARN_EMPTY_BODY = YES;
				CLANG_WARN_ENUM_CONVERSION = YES;
				CLANG_WARN_INFINITE_RECURSION = YES;
				CLANG_WARN_INT_CONVERSION = YES;
				CLANG_WARN_NON_LITERAL_NULL_CONVERSION = YES;
				CLANG_WARN_OBJC_IMPLICIT_RETAIN_SELF = YES;
				CLANG_WARN_OBJC_LITERAL_CONVERSION = YES;
				CLANG_WARN_OBJC_ROOT_CLASS = YES_ERROR;
				CLANG_WARN_QUOTED_INCLUDE_IN_FRAMEWORK_HEADER = YES;
				CLANG_WARN_RANGE_LOOP_ANALYSIS = YES;
				CLANG_WARN_STRICT_PROTOTYPES = YES;
				CLANG_WARN_SUSPICIOUS_MOVE = YES;
				CLANG_WARN_UNGUARDED_AVAILABILITY = YES_AGGRESSIVE;
				CLANG_WARN_UNREACHABLE_CODE = YES;
				CLANG_WARN__DUPLICATE_METHOD_MATCH = YES;
				CODE_SIGN_STYLE = Automatic;
				COPY_PHASE_STRIP = NO;
				DEBUG_INFORMATION_FORMAT = dwarf;
				DEVELOPMENT_TEAM = 8248296AJX;
				ENABLE_STRICT_OBJC_MSGSEND = YES;
				ENABLE_TESTABILITY = YES;
				ENABLE_USER_SCRIPT_SANDBOXING = NO;
				GCC_C_LANGUAGE_STANDARD = gnu11;
				GCC_DYNAMIC_NO_PIC = NO;
				GCC_NO_COMMON_BLOCKS = YES;
				GCC_OPTIMIZATION_LEVEL = 0;
				GCC_PREPROCESSOR_DEFINITIONS = (
					"$(inherited)",
					"DEBUG=1",
				);
				GCC_WARN_64_TO_32_BIT_CONVERSION = YES;
				GCC_WARN_ABOUT_RETURN_TYPE = YES_ERROR;
				GCC_WARN_UNDECLARED_SELECTOR = YES;
				GCC_WARN_UNINITIALIZED_AUTOS = YES_AGGRESSIVE;
				GCC_WARN_UNUSED_FUNCTION = YES;
				GCC_WARN_UNUSED_VARIABLE = YES;
				IPHONEOS_DEPLOYMENT_TARGET = 17.0;
				MTL_ENABLE_DEBUG_INFO = INCLUDE_SOURCE;
				MTL_FAST_MATH = YES;
				ONLY_ACTIVE_ARCH = YES;
				PRODUCT_NAME = "$(TARGET_NAME)";
				SDKROOT = iphoneos;
				SWIFT_ACTIVE_COMPILATION_CONDITIONS = DEBUG;
				SWIFT_OPTIMIZATION_LEVEL = "-Onone";
				SWIFT_STRICT_CONCURRENCY = complete;
				SWIFT_VERSION = 6.0;
			};
			name = Debug;
		};
		2E789F7E392DD6284D13BD86 /* Debug */ = {
			isa = XCBuildConfiguration;
			buildSettings = {
				CODE_SIGN_ENTITLEMENTS = Resources/ClinkEmoji.entitlements;
				INFOPLIST_FILE = "Resources/ClinkEmoji-Info.plist";
				LD_RUNPATH_SEARCH_PATHS = (
					"$(inherited)",
					"@executable_path/Frameworks",
					"@executable_path/../../Frameworks",
				);
				PRODUCT_BUNDLE_IDENTIFIER = ltd.anti.clink.emoji;
				SDKROOT = iphoneos;
				TARGETED_DEVICE_FAMILY = "1,2";
			};
			name = Debug;
		};
		39EA8E65EC74E6791C51AB39 /* Debug */ = {
			isa = XCBuildConfiguration;
			buildSettings = {
				ASSETCATALOG_COMPILER_APPICON_NAME = AppIcon;
				CODE_SIGN_ENTITLEMENTS = Resources/Clink.entitlements;
				CODE_SIGN_IDENTITY = "iPhone Developer";
				INFOPLIST_FILE = "Resources/Clink-Info.plist";
				LD_RUNPATH_SEARCH_PATHS = (
					"$(inherited)",
					"@executable_path/Frameworks",
				);
				PRODUCT_BUNDLE_IDENTIFIER = ltd.anti.clink;
				SDKROOT = iphoneos;
				TARGETED_DEVICE_FAMILY = "1,2";
			};
			name = Debug;
		};
		4AC7D50D63C1FDE82F2EAC41 /* Release */ = {
			isa = XCBuildConfiguration;
			buildSettings = {
				CODE_SIGN_ENTITLEMENTS = Resources/ClinkEmoji.entitlements;
				INFOPLIST_FILE = "Resources/ClinkEmoji-Info.plist";
				LD_RUNPATH_SEARCH_PATHS = (
					"$(inherited)",
					"@executable_path/Frameworks",
					"@executable_path/../../Frameworks",
				);
				PRODUCT_BUNDLE_IDENTIFIER = ltd.anti.clink.emoji;
				SDKROOT = iphoneos;
				TARGETED_DEVICE_FAMILY = "1,2";
			};
			name = Release;
		};
		B23B851212543D70DD78779D /* Release */ = {
			isa = XCBuildConfiguration;
			buildSettings = {
				CODE_SIGN_ENTITLEMENTS = Resources/ClinkKeyboard.entitlements;
				INFOPLIST_FILE = "Resources/ClinkKeyboard-Info.plist";
				LD_RUNPATH_SEARCH_PATHS = (
					"$(inherited)",
					"@executable_path/Frameworks",
					"@executable_path/../../Frameworks",
				);
				PRODUCT_BUNDLE_IDENTIFIER = ltd.anti.clink.keyboard;
				SDKROOT = iphoneos;
				TARGETED_DEVICE_FAMILY = "1,2";
			};
			name = Release;
		};
		D8C03BD68CB6052E243F23CC /* Debug */ = {
			isa = XCBuildConfiguration;
			buildSettings = {
				CODE_SIGN_ENTITLEMENTS = Resources/ClinkKeyboard.entitlements;
				INFOPLIST_FILE = "Resources/ClinkKeyboard-Info.plist";
				LD_RUNPATH_SEARCH_PATHS = (
					"$(inherited)",
					"@executable_path/Frameworks",
					"@executable_path/../../Frameworks",
				);
				PRODUCT_BUNDLE_IDENTIFIER = ltd.anti.clink.keyboard;
				SDKROOT = iphoneos;
				TARGETED_DEVICE_FAMILY = "1,2";
			};
			name = Debug;
		};
		E3A343CDFE9F5CAEE0C3CAD4 /* Release */ = {
			isa = XCBuildConfiguration;
			buildSettings = {
				ASSETCATALOG_COMPILER_APPICON_NAME = AppIcon;
				CODE_SIGN_ENTITLEMENTS = Resources/Clink.entitlements;
				CODE_SIGN_IDENTITY = "iPhone Developer";
				INFOPLIST_FILE = "Resources/Clink-Info.plist";
				LD_RUNPATH_SEARCH_PATHS = (
					"$(inherited)",
					"@executable_path/Frameworks",
				);
				PRODUCT_BUNDLE_IDENTIFIER = ltd.anti.clink;
				SDKROOT = iphoneos;
				TARGETED_DEVICE_FAMILY = "1,2";
			};
			name = Release;
		};
		EC76A8E2ECDE8249443F1896 /* Release */ = {
			isa = XCBuildConfiguration;
			buildSettings = {
				ALWAYS_SEARCH_USER_PATHS = NO;
				CLANG_ANALYZER_NONNULL = YES;
				CLANG_ANALYZER_NUMBER_OBJECT_CONVERSION = YES_AGGRESSIVE;
				CLANG_CXX_LANGUAGE_STANDARD = "gnu++14";
				CLANG_CXX_LIBRARY = "libc++";
				CLANG_ENABLE_MODULES = YES;
				CLANG_ENABLE_OBJC_ARC = YES;
				CLANG_ENABLE_OBJC_WEAK = YES;
				CLANG_WARN_BLOCK_CAPTURE_AUTORELEASING = YES;
				CLANG_WARN_BOOL_CONVERSION = YES;
				CLANG_WARN_COMMA = YES;
				CLANG_WARN_CONSTANT_CONVERSION = YES;
				CLANG_WARN_DEPRECATED_OBJC_IMPLEMENTATIONS = YES;
				CLANG_WARN_DIRECT_OBJC_ISA_USAGE = YES_ERROR;
				CLANG_WARN_DOCUMENTATION_COMMENTS = YES;
				CLANG_WARN_EMPTY_BODY = YES;
				CLANG_WARN_ENUM_CONVERSION = YES;
				CLANG_WARN_INFINITE_RECURSION = YES;
				CLANG_WARN_INT_CONVERSION = YES;
				CLANG_WARN_NON_LITERAL_NULL_CONVERSION = YES;
				CLANG_WARN_OBJC_IMPLICIT_RETAIN_SELF = YES;
				CLANG_WARN_OBJC_LITERAL_CONVERSION = YES;
				CLANG_WARN_OBJC_ROOT_CLASS = YES_ERROR;
				CLANG_WARN_QUOTED_INCLUDE_IN_FRAMEWORK_HEADER = YES;
				CLANG_WARN_RANGE_LOOP_ANALYSIS = YES;
				CLANG_WARN_STRICT_PROTOTYPES = YES;
				CLANG_WARN_SUSPICIOUS_MOVE = YES;
				CLANG_WARN_UNGUARDED_AVAILABILITY = YES_AGGRESSIVE;
				CLANG_WARN_UNREACHABLE_CODE = YES;
				CLANG_WARN__DUPLICATE_METHOD_MATCH = YES;
				CODE_SIGN_STYLE = Automatic;
				COPY_PHASE_STRIP = NO;
				DEBUG_INFORMATION_FORMAT = "dwarf-with-dsym";
				DEVELOPMENT_TEAM = 8248296AJX;
				ENABLE_NS_ASSERTIONS = NO;
				ENABLE_STRICT_OBJC_MSGSEND = YES;
				ENABLE_USER_SCRIPT_SANDBOXING = NO;
				GCC_C_LANGUAGE_STANDARD = gnu11;
				GCC_NO_COMMON_BLOCKS = YES;
				GCC_WARN_64_TO_32_BIT_CONVERSION = YES;
				GCC_WARN_ABOUT_RETURN_TYPE = YES_ERROR;
				GCC_WARN_UNDECLARED_SELECTOR = YES;
				GCC_WARN_UNINITIALIZED_AUTOS = YES_AGGRESSIVE;
				GCC_WARN_UNUSED_FUNCTION = YES;
				GCC_WARN_UNUSED_VARIABLE = YES;
				IPHONEOS_DEPLOYMENT_TARGET = 17.0;
				MTL_ENABLE_DEBUG_INFO = NO;
				MTL_FAST_MATH = YES;
				PRODUCT_NAME = "$(TARGET_NAME)";
				SDKROOT = iphoneos;
				SWIFT_COMPILATION_MODE = wholemodule;
				SWIFT_OPTIMIZATION_LEVEL = "-O";
				SWIFT_STRICT_CONCURRENCY = complete;
				SWIFT_VERSION = 6.0;
			};
			name = Release;
		};
/* End XCBuildConfiguration section */

/* Begin XCConfigurationList section */
		1E85D0156633A7DDA2264410 /* Build configuration list for PBXNativeTarget "ClinkKeyboard" */ = {
			isa = XCConfigurationList;
			buildConfigurations = (
				D8C03BD68CB6052E243F23CC /* Debug */,
				B23B851212543D70DD78779D /* Release */,
			);
			defaultConfigurationIsVisible = 0;
			defaultConfigurationName = Debug;
		};
		360D9FE8F466B6A88C16E452 /* Build configuration list for PBXProject "Clink" */ = {
			isa = XCConfigurationList;
			buildConfigurations = (
				1B4100C0B4668B5E2349ADBC /* Debug */,
				EC76A8E2ECDE8249443F1896 /* Release */,
			);
			defaultConfigurationIsVisible = 0;
			defaultConfigurationName = Debug;
		};
		8DC06DB8BD261224657F978B /* Build configuration list for PBXNativeTarget "ClinkEmoji" */ = {
			isa = XCConfigurationList;
			buildConfigurations = (
				2E789F7E392DD6284D13BD86 /* Debug */,
				4AC7D50D63C1FDE82F2EAC41 /* Release */,
			);
			defaultConfigurationIsVisible = 0;
			defaultConfigurationName = Debug;
		};
		A0593A3B6AE8E4A388D8444F /* Build configuration list for PBXNativeTarget "Clink" */ = {
			isa = XCConfigurationList;
			buildConfigurations = (
				39EA8E65EC74E6791C51AB39 /* Debug */,
				E3A343CDFE9F5CAEE0C3CAD4 /* Release */,
			);
			defaultConfigurationIsVisible = 0;
			defaultConfigurationName = Debug;
		};
/* End XCConfigurationList section */

/* Begin XCLocalSwiftPackageReference section */
		15859E21FC14156FB7F4B4AE /* XCLocalSwiftPackageReference "../iUX-ios" */ = {
			isa = XCLocalSwiftPackageReference;
			relativePath = "../iUX-ios";
		};
/* End XCLocalSwiftPackageReference section */

/* Begin XCSwiftPackageProductDependency section */
		0FE274416A9E7BA62E04D778 /* iUXiOS */ = {
			isa = XCSwiftPackageProductDependency;
			productName = iUXiOS;
		};
		3FC50AE872783BD6CBFC8F4F /* iUXiOS */ = {
			isa = XCSwiftPackageProductDependency;
			productName = iUXiOS;
		};
		D63AD698C2C479C032206407 /* iUXiOS */ = {
			isa = XCSwiftPackageProductDependency;
			productName = iUXiOS;
		};
/* End XCSwiftPackageProductDependency section */
	};
	rootObject = 35297B76EB67D3CEB149DBF5 /* Project object */;
}
